
Microsoft Visual Studio Solution File, Format Version 11.00
# Visual Studio 2010
Project("{2150E333-8FDC-42A3-9474-1A3956D46DE8}") = "1 Core and SnapIn", "1 Core and SnapIn", "{FA898198-2E8D-4145-A46A-0BD4C550898A}"
EndProject
Project("{2150E333-8FDC-42A3-9474-1A3956D46DE8}") = "2 Web Console", "2 Web Console", "{2B62417A-DC9E-4B9F-8C42-31F4E511E19C}"
EndProject
Project("{2150E333-8FDC-42A3-9474-1A3956D46DE8}") = "3 WCF Cache Service", "3 WCF Cache Service", "{3967322F-1A7F-4A23-B880-192209BD3C50}"
EndProject
Project("{2150E333-8FDC-42A3-9474-1A3956D46DE8}") = "4 Samples", "4 Samples", "{1946F347-1581-42E4-8580-F278113B1230}"
EndProject
Project("{2150E333-8FDC-42A3-9474-1A3956D46DE8}") = "5 Internal Testing", "5 Internal Testing", "{A6152E38-F30F-402C-A311-7FC87276A134}"
EndProject
Project("{FAE04EC0-301F-11D3-BF4B-00C04F79EFBC}") = "NetSqlAzMan_WinTest", "NetSqlAzMan_WinTest\NetSqlAzMan_WinTest.csproj", "{A20896F2-BE4B-4B0A-AEA8-52547C8B000A}"
EndProject
Project("{FAE04EC0-301F-11D3-BF4B-00C04F79EFBC}") = "NetSqlAzMan.SnapIn", "NetSqlAzMan.SnapIn\NetSqlAzMan.SnapIn.csproj", "{1B37F3C0-D1E4-4063-82AE-CC5FEF2E0553}"
EndProject
Project("{FAE04EC0-301F-11D3-BF4B-00C04F79EFBC}") = "NetSqlAzMan", "NetSqlAzMan\NetSqlAzMan.csproj", "{CBDF2741-B771-4399-8996-77D08C3E8267}"
EndProject
Project("{54435603-DBB4-11D2-8724-00A0C9A8B90C}") = "NetSqlAzManSetup_x86", "NetSqlAzManSetup\NetSqlAzManSetup.vdproj", "{BE4776E3-69B4-49C8-AB70-AC1F87499C8A}"
EndProject
Project("{FAE04EC0-301F-11D3-BF4B-00C04F79EFBC}") = "NetSqlAzMan_WinPerformanceTest", "NetSqlAzMan_WinPerformanceTest\NetSqlAzMan_WinPerformanceTest.csproj", "{D59D5618-B937-46ED-AC6A-E94EB3C2CA6F}"
EndProject
Project("{FAE04EC0-301F-11D3-BF4B-00C04F79EFBC}") = "NetSqlAzMan_Test", "NetSqlAzMan_Test\NetSqlAzMan_Test.csproj", "{8D76B38B-9BE6-41B3-8FE5-1E3D1370956F}"
EndProject
Project("{FAE04EC0-301F-11D3-BF4B-00C04F79EFBC}") = "NetSqlAzMan_vs_AzMan_StressTest", "NetSqlAzMan_vs_AzMan_StressTest_Solution\NetSqlAzMan_vs_AzMan_StressTest\NetSqlAzMan_vs_AzMan_StressTest.csproj", "{A23A5C74-2D76-4628-87D2-DB4C1EAD9932}"
EndProject
Project("{F184B08F-C81C-45F6-A57F-5ABD9991F28F}") = "NetSqlAzMan_VB_WinTest", "NetSqlAzMan_VB_WinTest\NetSqlAzMan_VB_WinTest.vbproj", "{FD6A0E85-9D46-4C5C-B2D8-625F1B12ADEC}"
EndProject
Project("{FAE04EC0-301F-11D3-BF4B-00C04F79EFBC}") = "NetSqlAzManWebConsole", "NetSqlAzManWebConsole\NetSqlAzManWebConsole.csproj", "{FDA1F3A5-6403-45A9-AFBA-DAFF20D9308D}"
EndProject
Project("{54435603-DBB4-11D2-8724-00A0C9A8B90C}") = "NetSqlAzManWebConsoleSetup", "NetSqlAzManWebConsoleSetup\NetSqlAzManWebConsoleSetup.vdproj", "{D7E0828E-858A-446B-B466-E86DEA61B5F8}"
EndProject
Project("{FAE04EC0-301F-11D3-BF4B-00C04F79EFBC}") = "NetSqlAzManCacheService", "NetSqlAzManCacheService\NetSqlAzManCacheService.csproj", "{F7BA1923-B790-4FDA-A708-7430B7438264}"
EndProject
Project("{54435603-DBB4-11D2-8724-00A0C9A8B90C}") = "NetSqlAzManCacheServiceSetup", "NetSqlAzManCacheServiceSetup\NetSqlAzManCacheServiceSetup.vdproj", "{A4C30C34-5B24-4CDD-8EDC-D57079ABF4D2}"
EndProject
Project("{FAE04EC0-301F-11D3-BF4B-00C04F79EFBC}") = "NetSqlAzManCacheServiceInvalidateUtility", "NetSqlAzManCacheServiceInvalidateUtility\NetSqlAzManCacheServiceInvalidateUtility.csproj", "{9A4BC4D5-3E56-4E31-8CD9-CE1352F3F165}"
EndProject
Project("{FAE04EC0-301F-11D3-BF4B-00C04F79EFBC}") = "NetSqlAzManWCFServiceTest", "NetSqlAzManWCFServiceTest\NetSqlAzManWCFServiceTest.csproj", "{BA03410D-349E-4225-81BB-385B9ED68B02}"
EndProject
Project("{FAE04EC0-301F-11D3-BF4B-00C04F79EFBC}") = "NetSqlAzManWCFServiceWinTest", "NetSqlAzManWCFServiceWinTest\NetSqlAzManWCFServiceWinTest.csproj", "{7F77B3FA-23A3-461A-8950-8D23831D67EC}"
	ProjectSection(ProjectDependencies) = postProject
		{BA03410D-349E-4225-81BB-385B9ED68B02} = {BA03410D-349E-4225-81BB-385B9ED68B02}
	EndProjectSection
EndProject
Project("{FAE04EC0-301F-11D3-BF4B-00C04F79EFBC}") = "CheckAccessTemplate", "CheckAccessTemplate\CheckAccessTemplate.csproj", "{38C606BA-7D53-4D91-929C-FBD56ECFC2D1}"
EndProject
Project("{C8D11400-126E-41CD-887F-60BD40844F9E}") = "NetSqlAzManStorage", "NetSqlAzManStorage\NetSqlAzManStorage.dbproj", "{93F4D570-A2E6-41C1-BB82-53134F897C1A}"
EndProject
Project("{FAE04EC0-301F-11D3-BF4B-00C04F79EFBC}") = "DirectoryObjectPicker", "CubicOrange.Windows.Forms.ActiveDirectory\DirectoryObjectPicker.csproj", "{AD25BE24-8A42-44E0-9588-3767F572C338}"
EndProject
Project("{FAE04EC0-301F-11D3-BF4B-00C04F79EFBC}") = "NetSqlAzMan_RoleProviderWebTest", "NetSqlAzMan_RoleProviderWebTest\NetSqlAzMan_RoleProviderWebTest.csproj", "{021F18FD-2FE2-443D-B484-9EE8FFCC2FDE}"
EndProject
Project("{2150E333-8FDC-42A3-9474-1A3956D46DE8}") = "6 DotFuscator", "6 DotFuscator", "{3BCD8BAA-7CAE-41FD-A690-F884A264C22F}"
	ProjectSection(SolutionItems) = preProject
		Dotfuscated\deploy.bat = Dotfuscated\deploy.bat
		NetSqlAzMan Dotfuscator.xml = NetSqlAzMan Dotfuscator.xml
		Dotfuscated\NetSqlAzMan.dll = Dotfuscated\NetSqlAzMan.dll
		Dotfuscated\NetSqlAzMan.SnapIn.dll = Dotfuscated\NetSqlAzMan.SnapIn.dll
		Dotfuscated\NetSqlAzManCacheService.exe = Dotfuscated\NetSqlAzManCacheService.exe
		Dotfuscated\NetSqlAzManCacheServiceInvalidateUtility.exe = Dotfuscated\NetSqlAzManCacheServiceInvalidateUtility.exe
		Dotfuscated\NetSqlAzManWebConsole.dll = Dotfuscated\NetSqlAzManWebConsole.dll
		Dotfuscated\PreEmptive.Attributes.dll = Dotfuscated\PreEmptive.Attributes.dll
		Dotfuscated\ReadMe.txt = Dotfuscated\ReadMe.txt
	EndProjectSection
EndProject
Project("{54435603-DBB4-11D2-8724-00A0C9A8B90C}") = "NetSqlAzManSetup_x64", "NetSqlAzManSetupX64\NetSqlAzManSetupX64.vdproj", "{5B87FA83-9A11-44FE-AA75-727F4ADD603A}"
EndProject
Project("{FAE04EC0-301F-11D3-BF4B-00C04F79EFBC}") = "NetSqlAzManSetup_x64_Fix64BitMSIFile", "NetSqlAzManSetup_x64_Fix64BitMSIFile\NetSqlAzManSetup_x64_Fix64BitMSIFile.csproj", "{641C75A7-1AA6-419D-9D51-520744DCDD83}"
EndProject
Global
	GlobalSection(TeamFoundationVersionControl) = preSolution
		SccNumberOfProjects = 22
		SccEnterpriseProvider = {4CA58AB2-18FA-4F8D-95D4-32DDF27D184C}
		SccTeamFoundationServer = https://tfs.codeplex.com/tfs/tfs08
		SccLocalPath0 = .
		SccProjectUniqueName1 = NetSqlAzMan.SnapIn\\NetSqlAzMan.SnapIn.csproj
		SccProjectTopLevelParentUniqueName1 = NetSqlAzMan_Solution.sln
		SccProjectName1 = NetSqlAzMan.SnapIn
		SccLocalPath1 = NetSqlAzMan.SnapIn
		SccProjectUniqueName2 = NetSqlAzMan\\NetSqlAzMan.csproj
		SccProjectTopLevelParentUniqueName2 = NetSqlAzMan_Solution.sln
		SccProjectName2 = NetSqlAzMan
		SccLocalPath2 = NetSqlAzMan
		SccProjectUniqueName3 = NetSqlAzMan_Test\\NetSqlAzMan_Test.csproj
		SccProjectTopLevelParentUniqueName3 = NetSqlAzMan_Solution.sln
		SccProjectName3 = NetSqlAzMan_Test
		SccLocalPath3 = NetSqlAzMan_Test
		SccProjectUniqueName4 = NetSqlAzMan_VB_WinTest\\NetSqlAzMan_VB_WinTest.vbproj
		SccProjectTopLevelParentUniqueName4 = NetSqlAzMan_Solution.sln
		SccProjectName4 = NetSqlAzMan_VB_WinTest
		SccLocalPath4 = NetSqlAzMan_VB_WinTest
		SccProjectUniqueName5 = NetSqlAzMan_vs_AzMan_StressTest_Solution\\NetSqlAzMan_vs_AzMan_StressTest\\NetSqlAzMan_vs_AzMan_StressTest.csproj
		SccProjectTopLevelParentUniqueName5 = NetSqlAzMan_Solution.sln
		SccProjectName5 = NetSqlAzMan_vs_AzMan_StressTest_Solution/NetSqlAzMan_vs_AzMan_StressTest
		SccLocalPath5 = NetSqlAzMan_vs_AzMan_StressTest_Solution\\NetSqlAzMan_vs_AzMan_StressTest
		SccProjectUniqueName6 = NetSqlAzMan_WinPerformanceTest\\NetSqlAzMan_WinPerformanceTest.csproj
		SccProjectTopLevelParentUniqueName6 = NetSqlAzMan_Solution.sln
		SccProjectName6 = NetSqlAzMan_WinPerformanceTest
		SccLocalPath6 = NetSqlAzMan_WinPerformanceTest
		SccProjectUniqueName7 = NetSqlAzMan_WinTest\\NetSqlAzMan_WinTest.csproj
		SccProjectTopLevelParentUniqueName7 = NetSqlAzMan_Solution.sln
		SccProjectName7 = NetSqlAzMan_WinTest
		SccLocalPath7 = NetSqlAzMan_WinTest
		SccProjectUniqueName8 = NetSqlAzManCacheService\\NetSqlAzManCacheService.csproj
		SccProjectTopLevelParentUniqueName8 = NetSqlAzMan_Solution.sln
		SccProjectName8 = NetSqlAzManCacheService
		SccLocalPath8 = NetSqlAzManCacheService
		SccProjectUniqueName9 = NetSqlAzManCacheServiceInvalidateUtility\\NetSqlAzManCacheServiceInvalidateUtility.csproj
		SccProjectTopLevelParentUniqueName9 = NetSqlAzMan_Solution.sln
		SccProjectName9 = NetSqlAzManCacheServiceInvalidateUtility
		SccLocalPath9 = NetSqlAzManCacheServiceInvalidateUtility
		SccProjectUniqueName10 = NetSqlAzManCacheServiceSetup\\NetSqlAzManCacheServiceSetup.vdproj
		SccProjectTopLevelParentUniqueName10 = NetSqlAzMan_Solution.sln
		SccProjectName10 = NetSqlAzManCacheServiceSetup
		SccLocalPath10 = NetSqlAzManCacheServiceSetup
		SccProjectUniqueName11 = NetSqlAzManSetup\\NetSqlAzManSetup.vdproj
		SccProjectTopLevelParentUniqueName11 = NetSqlAzMan_Solution.sln
		SccProjectName11 = NetSqlAzManSetup
		SccLocalPath11 = NetSqlAzManSetup
		SccProjectUniqueName12 = NetSqlAzManWCFServiceTest\\NetSqlAzManWCFServiceTest.csproj
		SccProjectTopLevelParentUniqueName12 = NetSqlAzMan_Solution.sln
		SccProjectName12 = NetSqlAzManWCFServiceTest
		SccLocalPath12 = NetSqlAzManWCFServiceTest
		SccProjectUniqueName13 = NetSqlAzManWCFServiceWinTest\\NetSqlAzManWCFServiceWinTest.csproj
		SccProjectTopLevelParentUniqueName13 = NetSqlAzMan_Solution.sln
		SccProjectName13 = NetSqlAzManWCFServiceWinTest
		SccLocalPath13 = NetSqlAzManWCFServiceWinTest
		SccProjectUniqueName14 = NetSqlAzManWebConsole\\NetSqlAzManWebConsole.csproj
		SccProjectTopLevelParentUniqueName14 = NetSqlAzMan_Solution.sln
		SccProjectName14 = NetSqlAzManWebConsole
		SccLocalPath14 = NetSqlAzManWebConsole
		SccProjectUniqueName15 = NetSqlAzManWebConsoleSetup\\NetSqlAzManWebConsoleSetup.vdproj
		SccProjectTopLevelParentUniqueName15 = NetSqlAzMan_Solution.sln
		SccProjectName15 = NetSqlAzManWebConsoleSetup
		SccLocalPath15 = NetSqlAzManWebConsoleSetup
		SccProjectUniqueName16 = CheckAccessTemplate\\CheckAccessTemplate.csproj
		SccProjectTopLevelParentUniqueName16 = NetSqlAzMan_Solution.sln
		SccProjectName16 = CheckAccessTemplate
		SccLocalPath16 = CheckAccessTemplate
		SccProjectUniqueName17 = NetSqlAzManStorage\\NetSqlAzManStorage.dbproj
		SccProjectTopLevelParentUniqueName17 = NetSqlAzMan_Solution.sln
		SccProjectName17 = NetSqlAzManStorage
		SccLocalPath17 = NetSqlAzManStorage
		SccProjectUniqueName18 = CubicOrange.Windows.Forms.ActiveDirectory\\DirectoryObjectPicker.csproj
		SccProjectTopLevelParentUniqueName18 = NetSqlAzMan_Solution.sln
		SccProjectName18 = CubicOrange.Windows.Forms.ActiveDirectory
		SccLocalPath18 = CubicOrange.Windows.Forms.ActiveDirectory
		SccProjectUniqueName19 = NetSqlAzMan_RoleProviderWebTest\\NetSqlAzMan_RoleProviderWebTest.csproj
		SccProjectTopLevelParentUniqueName19 = NetSqlAzMan_Solution.sln
		SccProjectName19 = NetSqlAzMan_RoleProviderWebTest
		SccLocalPath19 = NetSqlAzMan_RoleProviderWebTest
		SccProjectUniqueName20 = NetSqlAzManSetupX64\\NetSqlAzManSetupX64.vdproj
		SccProjectTopLevelParentUniqueName20 = NetSqlAzMan_Solution.sln
		SccProjectName20 = NetSqlAzManSetupX64
		SccLocalPath20 = NetSqlAzManSetupX64
		SccProjectUniqueName21 = NetSqlAzManSetup_x64_Fix64BitMSIFile\\NetSqlAzManSetup_x64_Fix64BitMSIFile.csproj
		SccProjectTopLevelParentUniqueName21 = NetSqlAzMan_Solution.sln
		SccProjectName21 = NetSqlAzManSetup_x64_Fix64BitMSIFile
		SccLocalPath21 = NetSqlAzManSetup_x64_Fix64BitMSIFile
	EndGlobalSection
	GlobalSection(SolutionConfigurationPlatforms) = preSolution
		Debug|.NET = Debug|.NET
		Debug|Any CPU = Debug|Any CPU
		Debug|Mixed Platforms = Debug|Mixed Platforms
		Debug|Win32 = Debug|Win32
		Debug|x86 = Debug|x86
		Default|.NET = Default|.NET
		Default|Any CPU = Default|Any CPU
		Default|Mixed Platforms = Default|Mixed Platforms
		Default|Win32 = Default|Win32
		Default|x86 = Default|x86
		MSI Only|.NET = MSI Only|.NET
		MSI Only|Any CPU = MSI Only|Any CPU
		MSI Only|Mixed Platforms = MSI Only|Mixed Platforms
		MSI Only|Win32 = MSI Only|Win32
		MSI Only|x86 = MSI Only|x86
		Release|.NET = Release|.NET
		Release|Any CPU = Release|Any CPU
		Release|Mixed Platforms = Release|Mixed Platforms
		Release|Win32 = Release|Win32
		Release|x86 = Release|x86
	EndGlobalSection
	GlobalSection(ProjectConfigurationPlatforms) = postSolution
		{A20896F2-BE4B-4B0A-AEA8-52547C8B000A}.Debug|.NET.ActiveCfg = Debug|Any CPU
		{A20896F2-BE4B-4B0A-AEA8-52547C8B000A}.Debug|.NET.Build.0 = Debug|Any CPU
		{A20896F2-BE4B-4B0A-AEA8-52547C8B000A}.Debug|Any CPU.ActiveCfg = Debug|Any CPU
		{A20896F2-BE4B-4B0A-AEA8-52547C8B000A}.Debug|Any CPU.Build.0 = Debug|Any CPU
		{A20896F2-BE4B-4B0A-AEA8-52547C8B000A}.Debug|Mixed Platforms.ActiveCfg = Debug|Any CPU
		{A20896F2-BE4B-4B0A-AEA8-52547C8B000A}.Debug|Mixed Platforms.Build.0 = Debug|Any CPU
		{A20896F2-BE4B-4B0A-AEA8-52547C8B000A}.Debug|Win32.ActiveCfg = Debug|Any CPU
		{A20896F2-BE4B-4B0A-AEA8-52547C8B000A}.Debug|x86.ActiveCfg = Debug|Any CPU
		{A20896F2-BE4B-4B0A-AEA8-52547C8B000A}.Default|.NET.ActiveCfg = Debug|Any CPU
		{A20896F2-BE4B-4B0A-AEA8-52547C8B000A}.Default|Any CPU.ActiveCfg = Debug|Any CPU
		{A20896F2-BE4B-4B0A-AEA8-52547C8B000A}.Default|Any CPU.Build.0 = Debug|Any CPU
		{A20896F2-BE4B-4B0A-AEA8-52547C8B000A}.Default|Mixed Platforms.ActiveCfg = Debug|Any CPU
		{A20896F2-BE4B-4B0A-AEA8-52547C8B000A}.Default|Mixed Platforms.Build.0 = Debug|Any CPU
		{A20896F2-BE4B-4B0A-AEA8-52547C8B000A}.Default|Win32.ActiveCfg = Debug|Any CPU
		{A20896F2-BE4B-4B0A-AEA8-52547C8B000A}.Default|x86.ActiveCfg = Debug|Any CPU
		{A20896F2-BE4B-4B0A-AEA8-52547C8B000A}.MSI Only|.NET.ActiveCfg = Release|Any CPU
		{A20896F2-BE4B-4B0A-AEA8-52547C8B000A}.MSI Only|Any CPU.ActiveCfg = Release|Any CPU
		{A20896F2-BE4B-4B0A-AEA8-52547C8B000A}.MSI Only|Any CPU.Build.0 = Release|Any CPU
		{A20896F2-BE4B-4B0A-AEA8-52547C8B000A}.MSI Only|Mixed Platforms.ActiveCfg = Release|Any CPU
		{A20896F2-BE4B-4B0A-AEA8-52547C8B000A}.MSI Only|Mixed Platforms.Build.0 = Release|Any CPU
		{A20896F2-BE4B-4B0A-AEA8-52547C8B000A}.MSI Only|Win32.ActiveCfg = Release|Any CPU
		{A20896F2-BE4B-4B0A-AEA8-52547C8B000A}.MSI Only|x86.ActiveCfg = Release|Any CPU
		{A20896F2-BE4B-4B0A-AEA8-52547C8B000A}.Release|.NET.ActiveCfg = Release|Any CPU
		{A20896F2-BE4B-4B0A-AEA8-52547C8B000A}.Release|.NET.Build.0 = Release|Any CPU
		{A20896F2-BE4B-4B0A-AEA8-52547C8B000A}.Release|Any CPU.ActiveCfg = Release|Any CPU
		{A20896F2-BE4B-4B0A-AEA8-52547C8B000A}.Release|Any CPU.Build.0 = Release|Any CPU
		{A20896F2-BE4B-4B0A-AEA8-52547C8B000A}.Release|Mixed Platforms.ActiveCfg = Release|Any CPU
		{A20896F2-BE4B-4B0A-AEA8-52547C8B000A}.Release|Mixed Platforms.Build.0 = Release|Any CPU
		{A20896F2-BE4B-4B0A-AEA8-52547C8B000A}.Release|Win32.ActiveCfg = Release|Any CPU
		{A20896F2-BE4B-4B0A-AEA8-52547C8B000A}.Release|x86.ActiveCfg = Release|Any CPU
		{1B37F3C0-D1E4-4063-82AE-CC5FEF2E0553}.Debug|.NET.ActiveCfg = Debug|Any CPU
		{1B37F3C0-D1E4-4063-82AE-CC5FEF2E0553}.Debug|.NET.Build.0 = Debug|Any CPU
		{1B37F3C0-D1E4-4063-82AE-CC5FEF2E0553}.Debug|Any CPU.ActiveCfg = Debug|Any CPU
		{1B37F3C0-D1E4-4063-82AE-CC5FEF2E0553}.Debug|Any CPU.Build.0 = Debug|Any CPU
		{1B37F3C0-D1E4-4063-82AE-CC5FEF2E0553}.Debug|Mixed Platforms.ActiveCfg = Debug|Any CPU
		{1B37F3C0-D1E4-4063-82AE-CC5FEF2E0553}.Debug|Mixed Platforms.Build.0 = Debug|Any CPU
		{1B37F3C0-D1E4-4063-82AE-CC5FEF2E0553}.Debug|Win32.ActiveCfg = Debug|Any CPU
		{1B37F3C0-D1E4-4063-82AE-CC5FEF2E0553}.Debug|x86.ActiveCfg = Debug|Any CPU
		{1B37F3C0-D1E4-4063-82AE-CC5FEF2E0553}.Default|.NET.ActiveCfg = Debug|Any CPU
		{1B37F3C0-D1E4-4063-82AE-CC5FEF2E0553}.Default|Any CPU.ActiveCfg = Debug|Any CPU
		{1B37F3C0-D1E4-4063-82AE-CC5FEF2E0553}.Default|Any CPU.Build.0 = Debug|Any CPU
		{1B37F3C0-D1E4-4063-82AE-CC5FEF2E0553}.Default|Mixed Platforms.ActiveCfg = Debug|Any CPU
		{1B37F3C0-D1E4-4063-82AE-CC5FEF2E0553}.Default|Mixed Platforms.Build.0 = Debug|Any CPU
		{1B37F3C0-D1E4-4063-82AE-CC5FEF2E0553}.Default|Win32.ActiveCfg = Debug|Any CPU
		{1B37F3C0-D1E4-4063-82AE-CC5FEF2E0553}.Default|x86.ActiveCfg = Debug|Any CPU
		{1B37F3C0-D1E4-4063-82AE-CC5FEF2E0553}.MSI Only|.NET.ActiveCfg = Release|Any CPU
		{1B37F3C0-D1E4-4063-82AE-CC5FEF2E0553}.MSI Only|Any CPU.ActiveCfg = Release|Any CPU
		{1B37F3C0-D1E4-4063-82AE-CC5FEF2E0553}.MSI Only|Any CPU.Build.0 = Release|Any CPU
		{1B37F3C0-D1E4-4063-82AE-CC5FEF2E0553}.MSI Only|Mixed Platforms.ActiveCfg = Release|Any CPU
		{1B37F3C0-D1E4-4063-82AE-CC5FEF2E0553}.MSI Only|Mixed Platforms.Build.0 = Release|Any CPU
		{1B37F3C0-D1E4-4063-82AE-CC5FEF2E0553}.MSI Only|Win32.ActiveCfg = Release|Any CPU
		{1B37F3C0-D1E4-4063-82AE-CC5FEF2E0553}.MSI Only|x86.ActiveCfg = Release|Any CPU
		{1B37F3C0-D1E4-4063-82AE-CC5FEF2E0553}.Release|.NET.ActiveCfg = Release|Any CPU
		{1B37F3C0-D1E4-4063-82AE-CC5FEF2E0553}.Release|.NET.Build.0 = Release|Any CPU
		{1B37F3C0-D1E4-4063-82AE-CC5FEF2E0553}.Release|Any CPU.ActiveCfg = Release|Any CPU
		{1B37F3C0-D1E4-4063-82AE-CC5FEF2E0553}.Release|Any CPU.Build.0 = Release|Any CPU
		{1B37F3C0-D1E4-4063-82AE-CC5FEF2E0553}.Release|Mixed Platforms.ActiveCfg = Release|Any CPU
		{1B37F3C0-D1E4-4063-82AE-CC5FEF2E0553}.Release|Mixed Platforms.Build.0 = Release|Any CPU
		{1B37F3C0-D1E4-4063-82AE-CC5FEF2E0553}.Release|Win32.ActiveCfg = Release|Any CPU
		{1B37F3C0-D1E4-4063-82AE-CC5FEF2E0553}.Release|x86.ActiveCfg = Release|Any CPU
		{CBDF2741-B771-4399-8996-77D08C3E8267}.Debug|.NET.ActiveCfg = Debug|Any CPU
		{CBDF2741-B771-4399-8996-77D08C3E8267}.Debug|.NET.Build.0 = Debug|Any CPU
		{CBDF2741-B771-4399-8996-77D08C3E8267}.Debug|Any CPU.ActiveCfg = Debug|Any CPU
		{CBDF2741-B771-4399-8996-77D08C3E8267}.Debug|Any CPU.Build.0 = Debug|Any CPU
		{CBDF2741-B771-4399-8996-77D08C3E8267}.Debug|Mixed Platforms.ActiveCfg = Debug|Any CPU
		{CBDF2741-B771-4399-8996-77D08C3E8267}.Debug|Mixed Platforms.Build.0 = Debug|Any CPU
		{CBDF2741-B771-4399-8996-77D08C3E8267}.Debug|Win32.ActiveCfg = Debug|Any CPU
		{CBDF2741-B771-4399-8996-77D08C3E8267}.Debug|x86.ActiveCfg = Debug|Any CPU
		{CBDF2741-B771-4399-8996-77D08C3E8267}.Default|.NET.ActiveCfg = Debug|Any CPU
		{CBDF2741-B771-4399-8996-77D08C3E8267}.Default|Any CPU.ActiveCfg = Debug|Any CPU
		{CBDF2741-B771-4399-8996-77D08C3E8267}.Default|Any CPU.Build.0 = Debug|Any CPU
		{CBDF2741-B771-4399-8996-77D08C3E8267}.Default|Mixed Platforms.ActiveCfg = Debug|Any CPU
		{CBDF2741-B771-4399-8996-77D08C3E8267}.Default|Mixed Platforms.Build.0 = Debug|Any CPU
		{CBDF2741-B771-4399-8996-77D08C3E8267}.Default|Win32.ActiveCfg = Debug|Any CPU
		{CBDF2741-B771-4399-8996-77D08C3E8267}.Default|x86.ActiveCfg = Debug|Any CPU
		{CBDF2741-B771-4399-8996-77D08C3E8267}.MSI Only|.NET.ActiveCfg = Release|Any CPU
		{CBDF2741-B771-4399-8996-77D08C3E8267}.MSI Only|Any CPU.ActiveCfg = Release|Any CPU
		{CBDF2741-B771-4399-8996-77D08C3E8267}.MSI Only|Any CPU.Build.0 = Release|Any CPU
		{CBDF2741-B771-4399-8996-77D08C3E8267}.MSI Only|Mixed Platforms.ActiveCfg = Release|Any CPU
		{CBDF2741-B771-4399-8996-77D08C3E8267}.MSI Only|Mixed Platforms.Build.0 = Release|Any CPU
		{CBDF2741-B771-4399-8996-77D08C3E8267}.MSI Only|Win32.ActiveCfg = Release|Any CPU
		{CBDF2741-B771-4399-8996-77D08C3E8267}.MSI Only|x86.ActiveCfg = Release|Any CPU
		{CBDF2741-B771-4399-8996-77D08C3E8267}.Release|.NET.ActiveCfg = Release|Any CPU
		{CBDF2741-B771-4399-8996-77D08C3E8267}.Release|.NET.Build.0 = Release|Any CPU
		{CBDF2741-B771-4399-8996-77D08C3E8267}.Release|Any CPU.ActiveCfg = Release|Any CPU
		{CBDF2741-B771-4399-8996-77D08C3E8267}.Release|Any CPU.Build.0 = Release|Any CPU
		{CBDF2741-B771-4399-8996-77D08C3E8267}.Release|Mixed Platforms.ActiveCfg = Release|Any CPU
		{CBDF2741-B771-4399-8996-77D08C3E8267}.Release|Mixed Platforms.Build.0 = Release|Any CPU
		{CBDF2741-B771-4399-8996-77D08C3E8267}.Release|Win32.ActiveCfg = Release|Any CPU
		{CBDF2741-B771-4399-8996-77D08C3E8267}.Release|x86.ActiveCfg = Release|Any CPU
		{BE4776E3-69B4-49C8-AB70-AC1F87499C8A}.Debug|.NET.ActiveCfg = Debug
		{BE4776E3-69B4-49C8-AB70-AC1F87499C8A}.Debug|Any CPU.ActiveCfg = Debug
		{BE4776E3-69B4-49C8-AB70-AC1F87499C8A}.Debug|Mixed Platforms.ActiveCfg = Debug
		{BE4776E3-69B4-49C8-AB70-AC1F87499C8A}.Debug|Win32.ActiveCfg = Debug
		{BE4776E3-69B4-49C8-AB70-AC1F87499C8A}.Debug|Win32.Build.0 = Debug
		{BE4776E3-69B4-49C8-AB70-AC1F87499C8A}.Debug|x86.ActiveCfg = Debug
		{BE4776E3-69B4-49C8-AB70-AC1F87499C8A}.Debug|x86.Build.0 = Debug
		{BE4776E3-69B4-49C8-AB70-AC1F87499C8A}.Default|.NET.ActiveCfg = Debug
		{BE4776E3-69B4-49C8-AB70-AC1F87499C8A}.Default|.NET.Build.0 = Debug
		{BE4776E3-69B4-49C8-AB70-AC1F87499C8A}.Default|Any CPU.ActiveCfg = Debug
		{BE4776E3-69B4-49C8-AB70-AC1F87499C8A}.Default|Any CPU.Build.0 = Debug
		{BE4776E3-69B4-49C8-AB70-AC1F87499C8A}.Default|Mixed Platforms.ActiveCfg = Debug
		{BE4776E3-69B4-49C8-AB70-AC1F87499C8A}.Default|Mixed Platforms.Build.0 = Debug
		{BE4776E3-69B4-49C8-AB70-AC1F87499C8A}.Default|Win32.ActiveCfg = Debug
		{BE4776E3-69B4-49C8-AB70-AC1F87499C8A}.Default|Win32.Build.0 = Debug
		{BE4776E3-69B4-49C8-AB70-AC1F87499C8A}.Default|x86.ActiveCfg = Debug
		{BE4776E3-69B4-49C8-AB70-AC1F87499C8A}.Default|x86.Build.0 = Debug
		{BE4776E3-69B4-49C8-AB70-AC1F87499C8A}.MSI Only|.NET.ActiveCfg = MSI Only
		{BE4776E3-69B4-49C8-AB70-AC1F87499C8A}.MSI Only|.NET.Build.0 = MSI Only
		{BE4776E3-69B4-49C8-AB70-AC1F87499C8A}.MSI Only|Any CPU.ActiveCfg = MSI Only
		{BE4776E3-69B4-49C8-AB70-AC1F87499C8A}.MSI Only|Any CPU.Build.0 = MSI Only
		{BE4776E3-69B4-49C8-AB70-AC1F87499C8A}.MSI Only|Mixed Platforms.ActiveCfg = MSI Only
		{BE4776E3-69B4-49C8-AB70-AC1F87499C8A}.MSI Only|Mixed Platforms.Build.0 = MSI Only
		{BE4776E3-69B4-49C8-AB70-AC1F87499C8A}.MSI Only|Win32.ActiveCfg = MSI Only
		{BE4776E3-69B4-49C8-AB70-AC1F87499C8A}.MSI Only|Win32.Build.0 = MSI Only
		{BE4776E3-69B4-49C8-AB70-AC1F87499C8A}.MSI Only|x86.ActiveCfg = MSI Only
		{BE4776E3-69B4-49C8-AB70-AC1F87499C8A}.MSI Only|x86.Build.0 = MSI Only
		{BE4776E3-69B4-49C8-AB70-AC1F87499C8A}.Release|.NET.ActiveCfg = Release
		{BE4776E3-69B4-49C8-AB70-AC1F87499C8A}.Release|.NET.Build.0 = Release
		{BE4776E3-69B4-49C8-AB70-AC1F87499C8A}.Release|Any CPU.ActiveCfg = Release
		{BE4776E3-69B4-49C8-AB70-AC1F87499C8A}.Release|Any CPU.Build.0 = Release
		{BE4776E3-69B4-49C8-AB70-AC1F87499C8A}.Release|Mixed Platforms.ActiveCfg = Release
		{BE4776E3-69B4-49C8-AB70-AC1F87499C8A}.Release|Mixed Platforms.Build.0 = Release
		{BE4776E3-69B4-49C8-AB70-AC1F87499C8A}.Release|Win32.ActiveCfg = Release
		{BE4776E3-69B4-49C8-AB70-AC1F87499C8A}.Release|Win32.Build.0 = Release
		{BE4776E3-69B4-49C8-AB70-AC1F87499C8A}.Release|x86.ActiveCfg = Release
		{BE4776E3-69B4-49C8-AB70-AC1F87499C8A}.Release|x86.Build.0 = Release
		{D59D5618-B937-46ED-AC6A-E94EB3C2CA6F}.Debug|.NET.ActiveCfg = Debug|Any CPU
		{D59D5618-B937-46ED-AC6A-E94EB3C2CA6F}.Debug|.NET.Build.0 = Debug|Any CPU
		{D59D5618-B937-46ED-AC6A-E94EB3C2CA6F}.Debug|Any CPU.ActiveCfg = Debug|Any CPU
		{D59D5618-B937-46ED-AC6A-E94EB3C2CA6F}.Debug|Mixed Platforms.ActiveCfg = Debug|Any CPU
		{D59D5618-B937-46ED-AC6A-E94EB3C2CA6F}.Debug|Mixed Platforms.Build.0 = Debug|Any CPU
		{D59D5618-B937-46ED-AC6A-E94EB3C2CA6F}.Debug|Win32.ActiveCfg = Debug|Any CPU
		{D59D5618-B937-46ED-AC6A-E94EB3C2CA6F}.Debug|x86.ActiveCfg = Debug|Any CPU
		{D59D5618-B937-46ED-AC6A-E94EB3C2CA6F}.Default|.NET.ActiveCfg = Debug|Any CPU
		{D59D5618-B937-46ED-AC6A-E94EB3C2CA6F}.Default|Any CPU.ActiveCfg = Debug|Any CPU
		{D59D5618-B937-46ED-AC6A-E94EB3C2CA6F}.Default|Any CPU.Build.0 = Debug|Any CPU
		{D59D5618-B937-46ED-AC6A-E94EB3C2CA6F}.Default|Mixed Platforms.ActiveCfg = Debug|Any CPU
		{D59D5618-B937-46ED-AC6A-E94EB3C2CA6F}.Default|Mixed Platforms.Build.0 = Debug|Any CPU
		{D59D5618-B937-46ED-AC6A-E94EB3C2CA6F}.Default|Win32.ActiveCfg = Debug|Any CPU
		{D59D5618-B937-46ED-AC6A-E94EB3C2CA6F}.Default|x86.ActiveCfg = Debug|Any CPU
		{D59D5618-B937-46ED-AC6A-E94EB3C2CA6F}.MSI Only|.NET.ActiveCfg = Release|Any CPU
		{D59D5618-B937-46ED-AC6A-E94EB3C2CA6F}.MSI Only|Any CPU.ActiveCfg = Release|Any CPU
		{D59D5618-B937-46ED-AC6A-E94EB3C2CA6F}.MSI Only|Any CPU.Build.0 = Release|Any CPU
		{D59D5618-B937-46ED-AC6A-E94EB3C2CA6F}.MSI Only|Mixed Platforms.ActiveCfg = Release|Any CPU
		{D59D5618-B937-46ED-AC6A-E94EB3C2CA6F}.MSI Only|Mixed Platforms.Build.0 = Release|Any CPU
		{D59D5618-B937-46ED-AC6A-E94EB3C2CA6F}.MSI Only|Win32.ActiveCfg = Release|Any CPU
		{D59D5618-B937-46ED-AC6A-E94EB3C2CA6F}.MSI Only|x86.ActiveCfg = Release|Any CPU
		{D59D5618-B937-46ED-AC6A-E94EB3C2CA6F}.Release|.NET.ActiveCfg = Release|Any CPU
		{D59D5618-B937-46ED-AC6A-E94EB3C2CA6F}.Release|.NET.Build.0 = Release|Any CPU
		{D59D5618-B937-46ED-AC6A-E94EB3C2CA6F}.Release|Any CPU.ActiveCfg = Release|Any CPU
		{D59D5618-B937-46ED-AC6A-E94EB3C2CA6F}.Release|Any CPU.Build.0 = Release|Any CPU
		{D59D5618-B937-46ED-AC6A-E94EB3C2CA6F}.Release|Mixed Platforms.ActiveCfg = Release|Any CPU
		{D59D5618-B937-46ED-AC6A-E94EB3C2CA6F}.Release|Mixed Platforms.Build.0 = Release|Any CPU
		{D59D5618-B937-46ED-AC6A-E94EB3C2CA6F}.Release|Win32.ActiveCfg = Release|Any CPU
		{D59D5618-B937-46ED-AC6A-E94EB3C2CA6F}.Release|x86.ActiveCfg = Release|Any CPU
		{8D76B38B-9BE6-41B3-8FE5-1E3D1370956F}.Debug|.NET.ActiveCfg = Debug|Any CPU
		{8D76B38B-9BE6-41B3-8FE5-1E3D1370956F}.Debug|.NET.Build.0 = Debug|Any CPU
		{8D76B38B-9BE6-41B3-8FE5-1E3D1370956F}.Debug|Any CPU.ActiveCfg = Debug|Any CPU
		{8D76B38B-9BE6-41B3-8FE5-1E3D1370956F}.Debug|Any CPU.Build.0 = Debug|Any CPU
		{8D76B38B-9BE6-41B3-8FE5-1E3D1370956F}.Debug|Mixed Platforms.ActiveCfg = Debug|Any CPU
		{8D76B38B-9BE6-41B3-8FE5-1E3D1370956F}.Debug|Mixed Platforms.Build.0 = Debug|Any CPU
		{8D76B38B-9BE6-41B3-8FE5-1E3D1370956F}.Debug|Win32.ActiveCfg = Debug|Any CPU
		{8D76B38B-9BE6-41B3-8FE5-1E3D1370956F}.Debug|x86.ActiveCfg = Debug|Any CPU
		{8D76B38B-9BE6-41B3-8FE5-1E3D1370956F}.Default|.NET.ActiveCfg = Debug|Any CPU
		{8D76B38B-9BE6-41B3-8FE5-1E3D1370956F}.Default|Any CPU.ActiveCfg = Debug|Any CPU
		{8D76B38B-9BE6-41B3-8FE5-1E3D1370956F}.Default|Any CPU.Build.0 = Debug|Any CPU
		{8D76B38B-9BE6-41B3-8FE5-1E3D1370956F}.Default|Mixed Platforms.ActiveCfg = Debug|Any CPU
		{8D76B38B-9BE6-41B3-8FE5-1E3D1370956F}.Default|Mixed Platforms.Build.0 = Debug|Any CPU
		{8D76B38B-9BE6-41B3-8FE5-1E3D1370956F}.Default|Win32.ActiveCfg = Debug|Any CPU
		{8D76B38B-9BE6-41B3-8FE5-1E3D1370956F}.Default|x86.ActiveCfg = Debug|Any CPU
		{8D76B38B-9BE6-41B3-8FE5-1E3D1370956F}.MSI Only|.NET.ActiveCfg = Release|Any CPU
		{8D76B38B-9BE6-41B3-8FE5-1E3D1370956F}.MSI Only|Any CPU.ActiveCfg = Release|Any CPU
		{8D76B38B-9BE6-41B3-8FE5-1E3D1370956F}.MSI Only|Any CPU.Build.0 = Release|Any CPU
		{8D76B38B-9BE6-41B3-8FE5-1E3D1370956F}.MSI Only|Mixed Platforms.ActiveCfg = Release|Any CPU
		{8D76B38B-9BE6-41B3-8FE5-1E3D1370956F}.MSI Only|Mixed Platforms.Build.0 = Release|Any CPU
		{8D76B38B-9BE6-41B3-8FE5-1E3D1370956F}.MSI Only|Win32.ActiveCfg = Release|Any CPU
		{8D76B38B-9BE6-41B3-8FE5-1E3D1370956F}.MSI Only|x86.ActiveCfg = Release|Any CPU
		{8D76B38B-9BE6-41B3-8FE5-1E3D1370956F}.Release|.NET.ActiveCfg = Release|Any CPU
		{8D76B38B-9BE6-41B3-8FE5-1E3D1370956F}.Release|.NET.Build.0 = Release|Any CPU
		{8D76B38B-9BE6-41B3-8FE5-1E3D1370956F}.Release|Any CPU.ActiveCfg = Release|Any CPU
		{8D76B38B-9BE6-41B3-8FE5-1E3D1370956F}.Release|Any CPU.Build.0 = Release|Any CPU
		{8D76B38B-9BE6-41B3-8FE5-1E3D1370956F}.Release|Mixed Platforms.ActiveCfg = Release|Any CPU
		{8D76B38B-9BE6-41B3-8FE5-1E3D1370956F}.Release|Mixed Platforms.Build.0 = Release|Any CPU
		{8D76B38B-9BE6-41B3-8FE5-1E3D1370956F}.Release|Win32.ActiveCfg = Release|Any CPU
		{8D76B38B-9BE6-41B3-8FE5-1E3D1370956F}.Release|x86.ActiveCfg = Release|Any CPU
		{A23A5C74-2D76-4628-87D2-DB4C1EAD9932}.Debug|.NET.ActiveCfg = Debug|Any CPU
		{A23A5C74-2D76-4628-87D2-DB4C1EAD9932}.Debug|.NET.Build.0 = Debug|Any CPU
		{A23A5C74-2D76-4628-87D2-DB4C1EAD9932}.Debug|Any CPU.ActiveCfg = Debug|Any CPU
		{A23A5C74-2D76-4628-87D2-DB4C1EAD9932}.Debug|Any CPU.Build.0 = Debug|Any CPU
		{A23A5C74-2D76-4628-87D2-DB4C1EAD9932}.Debug|Mixed Platforms.ActiveCfg = Debug|Any CPU
		{A23A5C74-2D76-4628-87D2-DB4C1EAD9932}.Debug|Mixed Platforms.Build.0 = Debug|Any CPU
		{A23A5C74-2D76-4628-87D2-DB4C1EAD9932}.Debug|Win32.ActiveCfg = Debug|Any CPU
		{A23A5C74-2D76-4628-87D2-DB4C1EAD9932}.Debug|x86.ActiveCfg = Debug|Any CPU
		{A23A5C74-2D76-4628-87D2-DB4C1EAD9932}.Default|.NET.ActiveCfg = Debug|Any CPU
		{A23A5C74-2D76-4628-87D2-DB4C1EAD9932}.Default|Any CPU.ActiveCfg = Debug|Any CPU
		{A23A5C74-2D76-4628-87D2-DB4C1EAD9932}.Default|Any CPU.Build.0 = Debug|Any CPU
		{A23A5C74-2D76-4628-87D2-DB4C1EAD9932}.Default|Mixed Platforms.ActiveCfg = Debug|Any CPU
		{A23A5C74-2D76-4628-87D2-DB4C1EAD9932}.Default|Mixed Platforms.Build.0 = Debug|Any CPU
		{A23A5C74-2D76-4628-87D2-DB4C1EAD9932}.Default|Win32.ActiveCfg = Debug|Any CPU
		{A23A5C74-2D76-4628-87D2-DB4C1EAD9932}.Default|x86.ActiveCfg = Debug|Any CPU
		{A23A5C74-2D76-4628-87D2-DB4C1EAD9932}.MSI Only|.NET.ActiveCfg = Release|Any CPU
		{A23A5C74-2D76-4628-87D2-DB4C1EAD9932}.MSI Only|Any CPU.ActiveCfg = Release|Any CPU
		{A23A5C74-2D76-4628-87D2-DB4C1EAD9932}.MSI Only|Any CPU.Build.0 = Release|Any CPU
		{A23A5C74-2D76-4628-87D2-DB4C1EAD9932}.MSI Only|Mixed Platforms.ActiveCfg = Release|Any CPU
		{A23A5C74-2D76-4628-87D2-DB4C1EAD9932}.MSI Only|Mixed Platforms.Build.0 = Release|Any CPU
		{A23A5C74-2D76-4628-87D2-DB4C1EAD9932}.MSI Only|Win32.ActiveCfg = Release|Any CPU
		{A23A5C74-2D76-4628-87D2-DB4C1EAD9932}.MSI Only|x86.ActiveCfg = Release|Any CPU
		{A23A5C74-2D76-4628-87D2-DB4C1EAD9932}.Release|.NET.ActiveCfg = Release|Any CPU
		{A23A5C74-2D76-4628-87D2-DB4C1EAD9932}.Release|.NET.Build.0 = Release|Any CPU
		{A23A5C74-2D76-4628-87D2-DB4C1EAD9932}.Release|Any CPU.ActiveCfg = Release|Any CPU
		{A23A5C74-2D76-4628-87D2-DB4C1EAD9932}.Release|Any CPU.Build.0 = Release|Any CPU
		{A23A5C74-2D76-4628-87D2-DB4C1EAD9932}.Release|Mixed Platforms.ActiveCfg = Release|Any CPU
		{A23A5C74-2D76-4628-87D2-DB4C1EAD9932}.Release|Mixed Platforms.Build.0 = Release|Any CPU
		{A23A5C74-2D76-4628-87D2-DB4C1EAD9932}.Release|Win32.ActiveCfg = Release|Any CPU
		{A23A5C74-2D76-4628-87D2-DB4C1EAD9932}.Release|x86.ActiveCfg = Release|Any CPU
		{FD6A0E85-9D46-4C5C-B2D8-625F1B12ADEC}.Debug|.NET.ActiveCfg = Debug|Any CPU
		{FD6A0E85-9D46-4C5C-B2D8-625F1B12ADEC}.Debug|.NET.Build.0 = Debug|Any CPU
		{FD6A0E85-9D46-4C5C-B2D8-625F1B12ADEC}.Debug|Any CPU.ActiveCfg = Debug|Any CPU
		{FD6A0E85-9D46-4C5C-B2D8-625F1B12ADEC}.Debug|Any CPU.Build.0 = Debug|Any CPU
		{FD6A0E85-9D46-4C5C-B2D8-625F1B12ADEC}.Debug|Mixed Platforms.ActiveCfg = Debug|Any CPU
		{FD6A0E85-9D46-4C5C-B2D8-625F1B12ADEC}.Debug|Mixed Platforms.Build.0 = Debug|Any CPU
		{FD6A0E85-9D46-4C5C-B2D8-625F1B12ADEC}.Debug|Win32.ActiveCfg = Debug|Any CPU
		{FD6A0E85-9D46-4C5C-B2D8-625F1B12ADEC}.Debug|x86.ActiveCfg = Debug|Any CPU
		{FD6A0E85-9D46-4C5C-B2D8-625F1B12ADEC}.Default|.NET.ActiveCfg = Debug|Any CPU
		{FD6A0E85-9D46-4C5C-B2D8-625F1B12ADEC}.Default|Any CPU.ActiveCfg = Debug|Any CPU
		{FD6A0E85-9D46-4C5C-B2D8-625F1B12ADEC}.Default|Any CPU.Build.0 = Debug|Any CPU
		{FD6A0E85-9D46-4C5C-B2D8-625F1B12ADEC}.Default|Mixed Platforms.ActiveCfg = Debug|Any CPU
		{FD6A0E85-9D46-4C5C-B2D8-625F1B12ADEC}.Default|Mixed Platforms.Build.0 = Debug|Any CPU
		{FD6A0E85-9D46-4C5C-B2D8-625F1B12ADEC}.Default|Win32.ActiveCfg = Debug|Any CPU
		{FD6A0E85-9D46-4C5C-B2D8-625F1B12ADEC}.Default|x86.ActiveCfg = Debug|Any CPU
		{FD6A0E85-9D46-4C5C-B2D8-625F1B12ADEC}.MSI Only|.NET.ActiveCfg = Release|Any CPU
		{FD6A0E85-9D46-4C5C-B2D8-625F1B12ADEC}.MSI Only|Any CPU.ActiveCfg = Release|Any CPU
		{FD6A0E85-9D46-4C5C-B2D8-625F1B12ADEC}.MSI Only|Any CPU.Build.0 = Release|Any CPU
		{FD6A0E85-9D46-4C5C-B2D8-625F1B12ADEC}.MSI Only|Mixed Platforms.ActiveCfg = Release|Any CPU
		{FD6A0E85-9D46-4C5C-B2D8-625F1B12ADEC}.MSI Only|Mixed Platforms.Build.0 = Release|Any CPU
		{FD6A0E85-9D46-4C5C-B2D8-625F1B12ADEC}.MSI Only|Win32.ActiveCfg = Release|Any CPU
		{FD6A0E85-9D46-4C5C-B2D8-625F1B12ADEC}.MSI Only|x86.ActiveCfg = Release|Any CPU
		{FD6A0E85-9D46-4C5C-B2D8-625F1B12ADEC}.Release|.NET.ActiveCfg = Release|Any CPU
		{FD6A0E85-9D46-4C5C-B2D8-625F1B12ADEC}.Release|.NET.Build.0 = Release|Any CPU
		{FD6A0E85-9D46-4C5C-B2D8-625F1B12ADEC}.Release|Any CPU.ActiveCfg = Release|Any CPU
		{FD6A0E85-9D46-4C5C-B2D8-625F1B12ADEC}.Release|Any CPU.Build.0 = Release|Any CPU
		{FD6A0E85-9D46-4C5C-B2D8-625F1B12ADEC}.Release|Mixed Platforms.ActiveCfg = Release|Any CPU
		{FD6A0E85-9D46-4C5C-B2D8-625F1B12ADEC}.Release|Mixed Platforms.Build.0 = Release|Any CPU
		{FD6A0E85-9D46-4C5C-B2D8-625F1B12ADEC}.Release|Win32.ActiveCfg = Release|Any CPU
		{FD6A0E85-9D46-4C5C-B2D8-625F1B12ADEC}.Release|x86.ActiveCfg = Release|Any CPU
		{FDA1F3A5-6403-45A9-AFBA-DAFF20D9308D}.Debug|.NET.ActiveCfg = Debug|Any CPU
		{FDA1F3A5-6403-45A9-AFBA-DAFF20D9308D}.Debug|.NET.Build.0 = Debug|Any CPU
		{FDA1F3A5-6403-45A9-AFBA-DAFF20D9308D}.Debug|Any CPU.ActiveCfg = Debug|Any CPU
		{FDA1F3A5-6403-45A9-AFBA-DAFF20D9308D}.Debug|Any CPU.Build.0 = Debug|Any CPU
		{FDA1F3A5-6403-45A9-AFBA-DAFF20D9308D}.Debug|Mixed Platforms.ActiveCfg = Debug|Any CPU
		{FDA1F3A5-6403-45A9-AFBA-DAFF20D9308D}.Debug|Mixed Platforms.Build.0 = Debug|Any CPU
		{FDA1F3A5-6403-45A9-AFBA-DAFF20D9308D}.Debug|Win32.ActiveCfg = Debug|Any CPU
		{FDA1F3A5-6403-45A9-AFBA-DAFF20D9308D}.Debug|x86.ActiveCfg = Debug|Any CPU
		{FDA1F3A5-6403-45A9-AFBA-DAFF20D9308D}.Default|.NET.ActiveCfg = Debug|Any CPU
		{FDA1F3A5-6403-45A9-AFBA-DAFF20D9308D}.Default|Any CPU.ActiveCfg = Debug|Any CPU
		{FDA1F3A5-6403-45A9-AFBA-DAFF20D9308D}.Default|Any CPU.Build.0 = Debug|Any CPU
		{FDA1F3A5-6403-45A9-AFBA-DAFF20D9308D}.Default|Mixed Platforms.ActiveCfg = Debug|Any CPU
		{FDA1F3A5-6403-45A9-AFBA-DAFF20D9308D}.Default|Mixed Platforms.Build.0 = Debug|Any CPU
		{FDA1F3A5-6403-45A9-AFBA-DAFF20D9308D}.Default|Win32.ActiveCfg = Debug|Any CPU
		{FDA1F3A5-6403-45A9-AFBA-DAFF20D9308D}.Default|x86.ActiveCfg = Debug|Any CPU
		{FDA1F3A5-6403-45A9-AFBA-DAFF20D9308D}.MSI Only|.NET.ActiveCfg = Release|Any CPU
		{FDA1F3A5-6403-45A9-AFBA-DAFF20D9308D}.MSI Only|Any CPU.ActiveCfg = Release|Any CPU
		{FDA1F3A5-6403-45A9-AFBA-DAFF20D9308D}.MSI Only|Any CPU.Build.0 = Release|Any CPU
		{FDA1F3A5-6403-45A9-AFBA-DAFF20D9308D}.MSI Only|Mixed Platforms.ActiveCfg = Release|Any CPU
		{FDA1F3A5-6403-45A9-AFBA-DAFF20D9308D}.MSI Only|Mixed Platforms.Build.0 = Release|Any CPU
		{FDA1F3A5-6403-45A9-AFBA-DAFF20D9308D}.MSI Only|Win32.ActiveCfg = Release|Any CPU
		{FDA1F3A5-6403-45A9-AFBA-DAFF20D9308D}.MSI Only|x86.ActiveCfg = Release|Any CPU
		{FDA1F3A5-6403-45A9-AFBA-DAFF20D9308D}.Release|.NET.ActiveCfg = Release|Any CPU
		{FDA1F3A5-6403-45A9-AFBA-DAFF20D9308D}.Release|.NET.Build.0 = Release|Any CPU
		{FDA1F3A5-6403-45A9-AFBA-DAFF20D9308D}.Release|Any CPU.ActiveCfg = Release|Any CPU
		{FDA1F3A5-6403-45A9-AFBA-DAFF20D9308D}.Release|Any CPU.Build.0 = Release|Any CPU
		{FDA1F3A5-6403-45A9-AFBA-DAFF20D9308D}.Release|Mixed Platforms.ActiveCfg = Release|Any CPU
		{FDA1F3A5-6403-45A9-AFBA-DAFF20D9308D}.Release|Mixed Platforms.Build.0 = Release|Any CPU
		{FDA1F3A5-6403-45A9-AFBA-DAFF20D9308D}.Release|Win32.ActiveCfg = Release|Any CPU
		{FDA1F3A5-6403-45A9-AFBA-DAFF20D9308D}.Release|x86.ActiveCfg = Release|Any CPU
		{D7E0828E-858A-446B-B466-E86DEA61B5F8}.Debug|.NET.ActiveCfg = Debug
		{D7E0828E-858A-446B-B466-E86DEA61B5F8}.Debug|Any CPU.ActiveCfg = Debug
		{D7E0828E-858A-446B-B466-E86DEA61B5F8}.Debug|Mixed Platforms.ActiveCfg = Debug
		{D7E0828E-858A-446B-B466-E86DEA61B5F8}.Debug|Win32.ActiveCfg = Debug
		{D7E0828E-858A-446B-B466-E86DEA61B5F8}.Debug|x86.ActiveCfg = Debug
		{D7E0828E-858A-446B-B466-E86DEA61B5F8}.Debug|x86.Build.0 = Debug
		{D7E0828E-858A-446B-B466-E86DEA61B5F8}.Default|.NET.ActiveCfg = Debug
		{D7E0828E-858A-446B-B466-E86DEA61B5F8}.Default|.NET.Build.0 = Debug
		{D7E0828E-858A-446B-B466-E86DEA61B5F8}.Default|Any CPU.ActiveCfg = Debug
		{D7E0828E-858A-446B-B466-E86DEA61B5F8}.Default|Any CPU.Build.0 = Debug
		{D7E0828E-858A-446B-B466-E86DEA61B5F8}.Default|Mixed Platforms.ActiveCfg = Debug
		{D7E0828E-858A-446B-B466-E86DEA61B5F8}.Default|Mixed Platforms.Build.0 = Debug
		{D7E0828E-858A-446B-B466-E86DEA61B5F8}.Default|Win32.ActiveCfg = Debug
		{D7E0828E-858A-446B-B466-E86DEA61B5F8}.Default|Win32.Build.0 = Debug
		{D7E0828E-858A-446B-B466-E86DEA61B5F8}.Default|x86.ActiveCfg = Debug
		{D7E0828E-858A-446B-B466-E86DEA61B5F8}.Default|x86.Build.0 = Debug
		{D7E0828E-858A-446B-B466-E86DEA61B5F8}.MSI Only|.NET.ActiveCfg = MSI Only
		{D7E0828E-858A-446B-B466-E86DEA61B5F8}.MSI Only|.NET.Build.0 = MSI Only
		{D7E0828E-858A-446B-B466-E86DEA61B5F8}.MSI Only|Any CPU.ActiveCfg = MSI Only
		{D7E0828E-858A-446B-B466-E86DEA61B5F8}.MSI Only|Any CPU.Build.0 = MSI Only
		{D7E0828E-858A-446B-B466-E86DEA61B5F8}.MSI Only|Mixed Platforms.ActiveCfg = MSI Only
		{D7E0828E-858A-446B-B466-E86DEA61B5F8}.MSI Only|Mixed Platforms.Build.0 = MSI Only
		{D7E0828E-858A-446B-B466-E86DEA61B5F8}.MSI Only|Win32.ActiveCfg = MSI Only
		{D7E0828E-858A-446B-B466-E86DEA61B5F8}.MSI Only|Win32.Build.0 = MSI Only
		{D7E0828E-858A-446B-B466-E86DEA61B5F8}.MSI Only|x86.ActiveCfg = MSI Only
		{D7E0828E-858A-446B-B466-E86DEA61B5F8}.MSI Only|x86.Build.0 = MSI Only
		{D7E0828E-858A-446B-B466-E86DEA61B5F8}.Release|.NET.ActiveCfg = Release
		{D7E0828E-858A-446B-B466-E86DEA61B5F8}.Release|.NET.Build.0 = Release
		{D7E0828E-858A-446B-B466-E86DEA61B5F8}.Release|Any CPU.ActiveCfg = Release
		{D7E0828E-858A-446B-B466-E86DEA61B5F8}.Release|Mixed Platforms.ActiveCfg = Release
		{D7E0828E-858A-446B-B466-E86DEA61B5F8}.Release|Win32.ActiveCfg = Release
		{D7E0828E-858A-446B-B466-E86DEA61B5F8}.Release|x86.ActiveCfg = Release
		{D7E0828E-858A-446B-B466-E86DEA61B5F8}.Release|x86.Build.0 = Release
		{F7BA1923-B790-4FDA-A708-7430B7438264}.Debug|.NET.ActiveCfg = Debug|Any CPU
		{F7BA1923-B790-4FDA-A708-7430B7438264}.Debug|.NET.Build.0 = Debug|Any CPU
		{F7BA1923-B790-4FDA-A708-7430B7438264}.Debug|Any CPU.ActiveCfg = Debug|Any CPU
		{F7BA1923-B790-4FDA-A708-7430B7438264}.Debug|Any CPU.Build.0 = Debug|Any CPU
		{F7BA1923-B790-4FDA-A708-7430B7438264}.Debug|Mixed Platforms.ActiveCfg = Debug|Any CPU
		{F7BA1923-B790-4FDA-A708-7430B7438264}.Debug|Mixed Platforms.Build.0 = Debug|Any CPU
		{F7BA1923-B790-4FDA-A708-7430B7438264}.Debug|Win32.ActiveCfg = Debug|Any CPU
		{F7BA1923-B790-4FDA-A708-7430B7438264}.Debug|x86.ActiveCfg = Debug|Any CPU
		{F7BA1923-B790-4FDA-A708-7430B7438264}.Default|.NET.ActiveCfg = Debug|Any CPU
		{F7BA1923-B790-4FDA-A708-7430B7438264}.Default|Any CPU.ActiveCfg = Debug|Any CPU
		{F7BA1923-B790-4FDA-A708-7430B7438264}.Default|Any CPU.Build.0 = Debug|Any CPU
		{F7BA1923-B790-4FDA-A708-7430B7438264}.Default|Mixed Platforms.ActiveCfg = Debug|Any CPU
		{F7BA1923-B790-4FDA-A708-7430B7438264}.Default|Mixed Platforms.Build.0 = Debug|Any CPU
		{F7BA1923-B790-4FDA-A708-7430B7438264}.Default|Win32.ActiveCfg = Debug|Any CPU
		{F7BA1923-B790-4FDA-A708-7430B7438264}.Default|x86.ActiveCfg = Debug|Any CPU
		{F7BA1923-B790-4FDA-A708-7430B7438264}.MSI Only|.NET.ActiveCfg = Release|Any CPU
		{F7BA1923-B790-4FDA-A708-7430B7438264}.MSI Only|Any CPU.ActiveCfg = Release|Any CPU
		{F7BA1923-B790-4FDA-A708-7430B7438264}.MSI Only|Any CPU.Build.0 = Release|Any CPU
		{F7BA1923-B790-4FDA-A708-7430B7438264}.MSI Only|Mixed Platforms.ActiveCfg = Release|Any CPU
		{F7BA1923-B790-4FDA-A708-7430B7438264}.MSI Only|Mixed Platforms.Build.0 = Release|Any CPU
		{F7BA1923-B790-4FDA-A708-7430B7438264}.MSI Only|Win32.ActiveCfg = Release|Any CPU
		{F7BA1923-B790-4FDA-A708-7430B7438264}.MSI Only|x86.ActiveCfg = Release|Any CPU
		{F7BA1923-B790-4FDA-A708-7430B7438264}.Release|.NET.ActiveCfg = Release|Any CPU
		{F7BA1923-B790-4FDA-A708-7430B7438264}.Release|.NET.Build.0 = Release|Any CPU
		{F7BA1923-B790-4FDA-A708-7430B7438264}.Release|Any CPU.ActiveCfg = Release|Any CPU
		{F7BA1923-B790-4FDA-A708-7430B7438264}.Release|Any CPU.Build.0 = Release|Any CPU
		{F7BA1923-B790-4FDA-A708-7430B7438264}.Release|Mixed Platforms.ActiveCfg = Release|Any CPU
		{F7BA1923-B790-4FDA-A708-7430B7438264}.Release|Mixed Platforms.Build.0 = Release|Any CPU
		{F7BA1923-B790-4FDA-A708-7430B7438264}.Release|Win32.ActiveCfg = Release|Any CPU
		{F7BA1923-B790-4FDA-A708-7430B7438264}.Release|x86.ActiveCfg = Release|Any CPU
		{A4C30C34-5B24-4CDD-8EDC-D57079ABF4D2}.Debug|.NET.ActiveCfg = Debug
		{A4C30C34-5B24-4CDD-8EDC-D57079ABF4D2}.Debug|Any CPU.ActiveCfg = Debug
		{A4C30C34-5B24-4CDD-8EDC-D57079ABF4D2}.Debug|Mixed Platforms.ActiveCfg = Debug
		{A4C30C34-5B24-4CDD-8EDC-D57079ABF4D2}.Debug|Win32.ActiveCfg = Debug
		{A4C30C34-5B24-4CDD-8EDC-D57079ABF4D2}.Debug|x86.ActiveCfg = Debug
		{A4C30C34-5B24-4CDD-8EDC-D57079ABF4D2}.Debug|x86.Build.0 = Debug
		{A4C30C34-5B24-4CDD-8EDC-D57079ABF4D2}.Default|.NET.ActiveCfg = Debug
		{A4C30C34-5B24-4CDD-8EDC-D57079ABF4D2}.Default|.NET.Build.0 = Debug
		{A4C30C34-5B24-4CDD-8EDC-D57079ABF4D2}.Default|Any CPU.ActiveCfg = Debug
		{A4C30C34-5B24-4CDD-8EDC-D57079ABF4D2}.Default|Any CPU.Build.0 = Debug
		{A4C30C34-5B24-4CDD-8EDC-D57079ABF4D2}.Default|Mixed Platforms.ActiveCfg = Debug
		{A4C30C34-5B24-4CDD-8EDC-D57079ABF4D2}.Default|Mixed Platforms.Build.0 = Debug
		{A4C30C34-5B24-4CDD-8EDC-D57079ABF4D2}.Default|Win32.ActiveCfg = Debug
		{A4C30C34-5B24-4CDD-8EDC-D57079ABF4D2}.Default|Win32.Build.0 = Debug
		{A4C30C34-5B24-4CDD-8EDC-D57079ABF4D2}.Default|x86.ActiveCfg = Debug
		{A4C30C34-5B24-4CDD-8EDC-D57079ABF4D2}.Default|x86.Build.0 = Debug
		{A4C30C34-5B24-4CDD-8EDC-D57079ABF4D2}.MSI Only|.NET.ActiveCfg = MSI Only
		{A4C30C34-5B24-4CDD-8EDC-D57079ABF4D2}.MSI Only|.NET.Build.0 = MSI Only
		{A4C30C34-5B24-4CDD-8EDC-D57079ABF4D2}.MSI Only|Any CPU.ActiveCfg = MSI Only
		{A4C30C34-5B24-4CDD-8EDC-D57079ABF4D2}.MSI Only|Any CPU.Build.0 = MSI Only
		{A4C30C34-5B24-4CDD-8EDC-D57079ABF4D2}.MSI Only|Mixed Platforms.ActiveCfg = MSI Only
		{A4C30C34-5B24-4CDD-8EDC-D57079ABF4D2}.MSI Only|Mixed Platforms.Build.0 = MSI Only
		{A4C30C34-5B24-4CDD-8EDC-D57079ABF4D2}.MSI Only|Win32.ActiveCfg = MSI Only
		{A4C30C34-5B24-4CDD-8EDC-D57079ABF4D2}.MSI Only|Win32.Build.0 = MSI Only
		{A4C30C34-5B24-4CDD-8EDC-D57079ABF4D2}.MSI Only|x86.ActiveCfg = MSI Only
		{A4C30C34-5B24-4CDD-8EDC-D57079ABF4D2}.MSI Only|x86.Build.0 = MSI Only
		{A4C30C34-5B24-4CDD-8EDC-D57079ABF4D2}.Release|.NET.ActiveCfg = Release
		{A4C30C34-5B24-4CDD-8EDC-D57079ABF4D2}.Release|.NET.Build.0 = Release
		{A4C30C34-5B24-4CDD-8EDC-D57079ABF4D2}.Release|Any CPU.ActiveCfg = Release
		{A4C30C34-5B24-4CDD-8EDC-D57079ABF4D2}.Release|Mixed Platforms.ActiveCfg = Release
		{A4C30C34-5B24-4CDD-8EDC-D57079ABF4D2}.Release|Win32.ActiveCfg = Release
		{A4C30C34-5B24-4CDD-8EDC-D57079ABF4D2}.Release|x86.ActiveCfg = Release
		{A4C30C34-5B24-4CDD-8EDC-D57079ABF4D2}.Release|x86.Build.0 = Release
		{9A4BC4D5-3E56-4E31-8CD9-CE1352F3F165}.Debug|.NET.ActiveCfg = Debug|Any CPU
		{9A4BC4D5-3E56-4E31-8CD9-CE1352F3F165}.Debug|.NET.Build.0 = Debug|Any CPU
		{9A4BC4D5-3E56-4E31-8CD9-CE1352F3F165}.Debug|Any CPU.ActiveCfg = Debug|Any CPU
		{9A4BC4D5-3E56-4E31-8CD9-CE1352F3F165}.Debug|Any CPU.Build.0 = Debug|Any CPU
		{9A4BC4D5-3E56-4E31-8CD9-CE1352F3F165}.Debug|Mixed Platforms.ActiveCfg = Debug|Any CPU
		{9A4BC4D5-3E56-4E31-8CD9-CE1352F3F165}.Debug|Mixed Platforms.Build.0 = Debug|Any CPU
		{9A4BC4D5-3E56-4E31-8CD9-CE1352F3F165}.Debug|Win32.ActiveCfg = Debug|Any CPU
		{9A4BC4D5-3E56-4E31-8CD9-CE1352F3F165}.Debug|x86.ActiveCfg = Debug|Any CPU
		{9A4BC4D5-3E56-4E31-8CD9-CE1352F3F165}.Default|.NET.ActiveCfg = Debug|Any CPU
		{9A4BC4D5-3E56-4E31-8CD9-CE1352F3F165}.Default|Any CPU.ActiveCfg = Debug|Any CPU
		{9A4BC4D5-3E56-4E31-8CD9-CE1352F3F165}.Default|Any CPU.Build.0 = Debug|Any CPU
		{9A4BC4D5-3E56-4E31-8CD9-CE1352F3F165}.Default|Mixed Platforms.ActiveCfg = Debug|Any CPU
		{9A4BC4D5-3E56-4E31-8CD9-CE1352F3F165}.Default|Mixed Platforms.Build.0 = Debug|Any CPU
		{9A4BC4D5-3E56-4E31-8CD9-CE1352F3F165}.Default|Win32.ActiveCfg = Debug|Any CPU
		{9A4BC4D5-3E56-4E31-8CD9-CE1352F3F165}.Default|x86.ActiveCfg = Debug|Any CPU
		{9A4BC4D5-3E56-4E31-8CD9-CE1352F3F165}.MSI Only|.NET.ActiveCfg = Release|Any CPU
		{9A4BC4D5-3E56-4E31-8CD9-CE1352F3F165}.MSI Only|Any CPU.ActiveCfg = Release|Any CPU
		{9A4BC4D5-3E56-4E31-8CD9-CE1352F3F165}.MSI Only|Any CPU.Build.0 = Release|Any CPU
		{9A4BC4D5-3E56-4E31-8CD9-CE1352F3F165}.MSI Only|Mixed Platforms.ActiveCfg = Release|Any CPU
		{9A4BC4D5-3E56-4E31-8CD9-CE1352F3F165}.MSI Only|Mixed Platforms.Build.0 = Release|Any CPU
		{9A4BC4D5-3E56-4E31-8CD9-CE1352F3F165}.MSI Only|Win32.ActiveCfg = Release|Any CPU
		{9A4BC4D5-3E56-4E31-8CD9-CE1352F3F165}.MSI Only|x86.ActiveCfg = Release|Any CPU
		{9A4BC4D5-3E56-4E31-8CD9-CE1352F3F165}.Release|.NET.ActiveCfg = Release|Any CPU
		{9A4BC4D5-3E56-4E31-8CD9-CE1352F3F165}.Release|.NET.Build.0 = Release|Any CPU
		{9A4BC4D5-3E56-4E31-8CD9-CE1352F3F165}.Release|Any CPU.ActiveCfg = Release|Any CPU
		{9A4BC4D5-3E56-4E31-8CD9-CE1352F3F165}.Release|Any CPU.Build.0 = Release|Any CPU
		{9A4BC4D5-3E56-4E31-8CD9-CE1352F3F165}.Release|Mixed Platforms.ActiveCfg = Release|Any CPU
		{9A4BC4D5-3E56-4E31-8CD9-CE1352F3F165}.Release|Mixed Platforms.Build.0 = Release|Any CPU
		{9A4BC4D5-3E56-4E31-8CD9-CE1352F3F165}.Release|Win32.ActiveCfg = Release|Any CPU
		{9A4BC4D5-3E56-4E31-8CD9-CE1352F3F165}.Release|x86.ActiveCfg = Release|Any CPU
		{BA03410D-349E-4225-81BB-385B9ED68B02}.Debug|.NET.ActiveCfg = Debug|Any CPU
		{BA03410D-349E-4225-81BB-385B9ED68B02}.Debug|.NET.Build.0 = Debug|Any CPU
		{BA03410D-349E-4225-81BB-385B9ED68B02}.Debug|Any CPU.ActiveCfg = Debug|Any CPU
		{BA03410D-349E-4225-81BB-385B9ED68B02}.Debug|Any CPU.Build.0 = Debug|Any CPU
		{BA03410D-349E-4225-81BB-385B9ED68B02}.Debug|Mixed Platforms.ActiveCfg = Debug|Any CPU
		{BA03410D-349E-4225-81BB-385B9ED68B02}.Debug|Mixed Platforms.Build.0 = Debug|Any CPU
		{BA03410D-349E-4225-81BB-385B9ED68B02}.Debug|Win32.ActiveCfg = Debug|Any CPU
		{BA03410D-349E-4225-81BB-385B9ED68B02}.Debug|x86.ActiveCfg = Debug|Any CPU
		{BA03410D-349E-4225-81BB-385B9ED68B02}.Default|.NET.ActiveCfg = Debug|Any CPU
		{BA03410D-349E-4225-81BB-385B9ED68B02}.Default|Any CPU.ActiveCfg = Debug|Any CPU
		{BA03410D-349E-4225-81BB-385B9ED68B02}.Default|Any CPU.Build.0 = Debug|Any CPU
		{BA03410D-349E-4225-81BB-385B9ED68B02}.Default|Mixed Platforms.ActiveCfg = Debug|Any CPU
		{BA03410D-349E-4225-81BB-385B9ED68B02}.Default|Mixed Platforms.Build.0 = Debug|Any CPU
		{BA03410D-349E-4225-81BB-385B9ED68B02}.Default|Win32.ActiveCfg = Debug|Any CPU
		{BA03410D-349E-4225-81BB-385B9ED68B02}.Default|x86.ActiveCfg = Debug|Any CPU
		{BA03410D-349E-4225-81BB-385B9ED68B02}.MSI Only|.NET.ActiveCfg = Release|Any CPU
		{BA03410D-349E-4225-81BB-385B9ED68B02}.MSI Only|Any CPU.ActiveCfg = Release|Any CPU
		{BA03410D-349E-4225-81BB-385B9ED68B02}.MSI Only|Any CPU.Build.0 = Release|Any CPU
		{BA03410D-349E-4225-81BB-385B9ED68B02}.MSI Only|Mixed Platforms.ActiveCfg = Release|Any CPU
		{BA03410D-349E-4225-81BB-385B9ED68B02}.MSI Only|Mixed Platforms.Build.0 = Release|Any CPU
		{BA03410D-349E-4225-81BB-385B9ED68B02}.MSI Only|Win32.ActiveCfg = Release|Any CPU
		{BA03410D-349E-4225-81BB-385B9ED68B02}.MSI Only|x86.ActiveCfg = Release|Any CPU
		{BA03410D-349E-4225-81BB-385B9ED68B02}.Release|.NET.ActiveCfg = Release|Any CPU
		{BA03410D-349E-4225-81BB-385B9ED68B02}.Release|.NET.Build.0 = Release|Any CPU
		{BA03410D-349E-4225-81BB-385B9ED68B02}.Release|Any CPU.ActiveCfg = Release|Any CPU
		{BA03410D-349E-4225-81BB-385B9ED68B02}.Release|Any CPU.Build.0 = Release|Any CPU
		{BA03410D-349E-4225-81BB-385B9ED68B02}.Release|Mixed Platforms.ActiveCfg = Release|Any CPU
		{BA03410D-349E-4225-81BB-385B9ED68B02}.Release|Mixed Platforms.Build.0 = Release|Any CPU
		{BA03410D-349E-4225-81BB-385B9ED68B02}.Release|Win32.ActiveCfg = Release|Any CPU
		{BA03410D-349E-4225-81BB-385B9ED68B02}.Release|x86.ActiveCfg = Release|Any CPU
		{7F77B3FA-23A3-461A-8950-8D23831D67EC}.Debug|.NET.ActiveCfg = Debug|Any CPU
		{7F77B3FA-23A3-461A-8950-8D23831D67EC}.Debug|.NET.Build.0 = Debug|Any CPU
		{7F77B3FA-23A3-461A-8950-8D23831D67EC}.Debug|Any CPU.ActiveCfg = Debug|Any CPU
		{7F77B3FA-23A3-461A-8950-8D23831D67EC}.Debug|Any CPU.Build.0 = Debug|Any CPU
		{7F77B3FA-23A3-461A-8950-8D23831D67EC}.Debug|Mixed Platforms.ActiveCfg = Debug|Any CPU
		{7F77B3FA-23A3-461A-8950-8D23831D67EC}.Debug|Mixed Platforms.Build.0 = Debug|Any CPU
		{7F77B3FA-23A3-461A-8950-8D23831D67EC}.Debug|Win32.ActiveCfg = Debug|Any CPU
		{7F77B3FA-23A3-461A-8950-8D23831D67EC}.Debug|x86.ActiveCfg = Debug|Any CPU
		{7F77B3FA-23A3-461A-8950-8D23831D67EC}.Default|.NET.ActiveCfg = Debug|Any CPU
		{7F77B3FA-23A3-461A-8950-8D23831D67EC}.Default|Any CPU.ActiveCfg = Debug|Any CPU
		{7F77B3FA-23A3-461A-8950-8D23831D67EC}.Default|Any CPU.Build.0 = Debug|Any CPU
		{7F77B3FA-23A3-461A-8950-8D23831D67EC}.Default|Mixed Platforms.ActiveCfg = Debug|Any CPU
		{7F77B3FA-23A3-461A-8950-8D23831D67EC}.Default|Mixed Platforms.Build.0 = Debug|Any CPU
		{7F77B3FA-23A3-461A-8950-8D23831D67EC}.Default|Win32.ActiveCfg = Debug|Any CPU
		{7F77B3FA-23A3-461A-8950-8D23831D67EC}.Default|x86.ActiveCfg = Debug|Any CPU
		{7F77B3FA-23A3-461A-8950-8D23831D67EC}.MSI Only|.NET.ActiveCfg = Release|Any CPU
		{7F77B3FA-23A3-461A-8950-8D23831D67EC}.MSI Only|Any CPU.ActiveCfg = Release|Any CPU
		{7F77B3FA-23A3-461A-8950-8D23831D67EC}.MSI Only|Any CPU.Build.0 = Release|Any CPU
		{7F77B3FA-23A3-461A-8950-8D23831D67EC}.MSI Only|Mixed Platforms.ActiveCfg = Release|Any CPU
		{7F77B3FA-23A3-461A-8950-8D23831D67EC}.MSI Only|Mixed Platforms.Build.0 = Release|Any CPU
		{7F77B3FA-23A3-461A-8950-8D23831D67EC}.MSI Only|Win32.ActiveCfg = Release|Any CPU
		{7F77B3FA-23A3-461A-8950-8D23831D67EC}.MSI Only|x86.ActiveCfg = Release|Any CPU
		{7F77B3FA-23A3-461A-8950-8D23831D67EC}.Release|.NET.ActiveCfg = Release|Any CPU
		{7F77B3FA-23A3-461A-8950-8D23831D67EC}.Release|.NET.Build.0 = Release|Any CPU
		{7F77B3FA-23A3-461A-8950-8D23831D67EC}.Release|Any CPU.ActiveCfg = Release|Any CPU
		{7F77B3FA-23A3-461A-8950-8D23831D67EC}.Release|Any CPU.Build.0 = Release|Any CPU
		{7F77B3FA-23A3-461A-8950-8D23831D67EC}.Release|Mixed Platforms.ActiveCfg = Release|Any CPU
		{7F77B3FA-23A3-461A-8950-8D23831D67EC}.Release|Mixed Platforms.Build.0 = Release|Any CPU
		{7F77B3FA-23A3-461A-8950-8D23831D67EC}.Release|Win32.ActiveCfg = Release|Any CPU
		{7F77B3FA-23A3-461A-8950-8D23831D67EC}.Release|x86.ActiveCfg = Release|Any CPU
		{38C606BA-7D53-4D91-929C-FBD56ECFC2D1}.Debug|.NET.ActiveCfg = Debug|Any CPU
		{38C606BA-7D53-4D91-929C-FBD56ECFC2D1}.Debug|.NET.Build.0 = Debug|Any CPU
		{38C606BA-7D53-4D91-929C-FBD56ECFC2D1}.Debug|Any CPU.ActiveCfg = Debug|Any CPU
		{38C606BA-7D53-4D91-929C-FBD56ECFC2D1}.Debug|Any CPU.Build.0 = Debug|Any CPU
		{38C606BA-7D53-4D91-929C-FBD56ECFC2D1}.Debug|Mixed Platforms.ActiveCfg = Debug|Any CPU
		{38C606BA-7D53-4D91-929C-FBD56ECFC2D1}.Debug|Mixed Platforms.Build.0 = Debug|Any CPU
		{38C606BA-7D53-4D91-929C-FBD56ECFC2D1}.Debug|Win32.ActiveCfg = Debug|Any CPU
		{38C606BA-7D53-4D91-929C-FBD56ECFC2D1}.Debug|x86.ActiveCfg = Debug|Any CPU
		{38C606BA-7D53-4D91-929C-FBD56ECFC2D1}.Default|.NET.ActiveCfg = Debug|Any CPU
		{38C606BA-7D53-4D91-929C-FBD56ECFC2D1}.Default|Any CPU.ActiveCfg = Debug|Any CPU
		{38C606BA-7D53-4D91-929C-FBD56ECFC2D1}.Default|Any CPU.Build.0 = Debug|Any CPU
		{38C606BA-7D53-4D91-929C-FBD56ECFC2D1}.Default|Mixed Platforms.ActiveCfg = Debug|Any CPU
		{38C606BA-7D53-4D91-929C-FBD56ECFC2D1}.Default|Mixed Platforms.Build.0 = Debug|Any CPU
		{38C606BA-7D53-4D91-929C-FBD56ECFC2D1}.Default|Win32.ActiveCfg = Debug|Any CPU
		{38C606BA-7D53-4D91-929C-FBD56ECFC2D1}.Default|x86.ActiveCfg = Debug|Any CPU
		{38C606BA-7D53-4D91-929C-FBD56ECFC2D1}.MSI Only|.NET.ActiveCfg = Release|Any CPU
		{38C606BA-7D53-4D91-929C-FBD56ECFC2D1}.MSI Only|Any CPU.ActiveCfg = Release|Any CPU
		{38C606BA-7D53-4D91-929C-FBD56ECFC2D1}.MSI Only|Any CPU.Build.0 = Release|Any CPU
		{38C606BA-7D53-4D91-929C-FBD56ECFC2D1}.MSI Only|Mixed Platforms.ActiveCfg = Release|Any CPU
		{38C606BA-7D53-4D91-929C-FBD56ECFC2D1}.MSI Only|Mixed Platforms.Build.0 = Release|Any CPU
		{38C606BA-7D53-4D91-929C-FBD56ECFC2D1}.MSI Only|Win32.ActiveCfg = Release|Any CPU
		{38C606BA-7D53-4D91-929C-FBD56ECFC2D1}.MSI Only|x86.ActiveCfg = Release|Any CPU
		{38C606BA-7D53-4D91-929C-FBD56ECFC2D1}.Release|.NET.ActiveCfg = Release|Any CPU
		{38C606BA-7D53-4D91-929C-FBD56ECFC2D1}.Release|.NET.Build.0 = Release|Any CPU
		{38C606BA-7D53-4D91-929C-FBD56ECFC2D1}.Release|Any CPU.ActiveCfg = Release|Any CPU
		{38C606BA-7D53-4D91-929C-FBD56ECFC2D1}.Release|Any CPU.Build.0 = Release|Any CPU
		{38C606BA-7D53-4D91-929C-FBD56ECFC2D1}.Release|Mixed Platforms.ActiveCfg = Release|Any CPU
		{38C606BA-7D53-4D91-929C-FBD56ECFC2D1}.Release|Mixed Platforms.Build.0 = Release|Any CPU
		{38C606BA-7D53-4D91-929C-FBD56ECFC2D1}.Release|Win32.ActiveCfg = Release|Any CPU
		{38C606BA-7D53-4D91-929C-FBD56ECFC2D1}.Release|x86.ActiveCfg = Release|Any CPU
		{93F4D570-A2E6-41C1-BB82-53134F897C1A}.Debug|.NET.ActiveCfg = Default|Any CPU
		{93F4D570-A2E6-41C1-BB82-53134F897C1A}.Debug|.NET.Build.0 = Default|Any CPU
		{93F4D570-A2E6-41C1-BB82-53134F897C1A}.Debug|Any CPU.ActiveCfg = Default|Any CPU
		{93F4D570-A2E6-41C1-BB82-53134F897C1A}.Debug|Any CPU.Build.0 = Default|Any CPU
		{93F4D570-A2E6-41C1-BB82-53134F897C1A}.Debug|Any CPU.Deploy.0 = Default|Any CPU
		{93F4D570-A2E6-41C1-BB82-53134F897C1A}.Debug|Mixed Platforms.ActiveCfg = Default|Any CPU
		{93F4D570-A2E6-41C1-BB82-53134F897C1A}.Debug|Mixed Platforms.Build.0 = Default|Any CPU
		{93F4D570-A2E6-41C1-BB82-53134F897C1A}.Debug|Mixed Platforms.Deploy.0 = Default|Any CPU
		{93F4D570-A2E6-41C1-BB82-53134F897C1A}.Debug|Win32.ActiveCfg = Default|Any CPU
		{93F4D570-A2E6-41C1-BB82-53134F897C1A}.Debug|x86.ActiveCfg = Default|Any CPU
		{93F4D570-A2E6-41C1-BB82-53134F897C1A}.Default|.NET.ActiveCfg = Default|Any CPU
		{93F4D570-A2E6-41C1-BB82-53134F897C1A}.Default|Any CPU.ActiveCfg = Default|Any CPU
		{93F4D570-A2E6-41C1-BB82-53134F897C1A}.Default|Any CPU.Build.0 = Default|Any CPU
		{93F4D570-A2E6-41C1-BB82-53134F897C1A}.Default|Any CPU.Deploy.0 = Default|Any CPU
		{93F4D570-A2E6-41C1-BB82-53134F897C1A}.Default|Mixed Platforms.ActiveCfg = Default|Any CPU
		{93F4D570-A2E6-41C1-BB82-53134F897C1A}.Default|Mixed Platforms.Build.0 = Default|Any CPU
		{93F4D570-A2E6-41C1-BB82-53134F897C1A}.Default|Mixed Platforms.Deploy.0 = Default|Any CPU
		{93F4D570-A2E6-41C1-BB82-53134F897C1A}.Default|Win32.ActiveCfg = Default|Any CPU
		{93F4D570-A2E6-41C1-BB82-53134F897C1A}.Default|x86.ActiveCfg = Default|Any CPU
		{93F4D570-A2E6-41C1-BB82-53134F897C1A}.MSI Only|.NET.ActiveCfg = Default|Any CPU
		{93F4D570-A2E6-41C1-BB82-53134F897C1A}.MSI Only|Any CPU.ActiveCfg = Default|Any CPU
		{93F4D570-A2E6-41C1-BB82-53134F897C1A}.MSI Only|Any CPU.Build.0 = Default|Any CPU
		{93F4D570-A2E6-41C1-BB82-53134F897C1A}.MSI Only|Any CPU.Deploy.0 = Default|Any CPU
		{93F4D570-A2E6-41C1-BB82-53134F897C1A}.MSI Only|Mixed Platforms.ActiveCfg = Default|Any CPU
		{93F4D570-A2E6-41C1-BB82-53134F897C1A}.MSI Only|Mixed Platforms.Build.0 = Default|Any CPU
		{93F4D570-A2E6-41C1-BB82-53134F897C1A}.MSI Only|Mixed Platforms.Deploy.0 = Default|Any CPU
		{93F4D570-A2E6-41C1-BB82-53134F897C1A}.MSI Only|Win32.ActiveCfg = Default|Any CPU
		{93F4D570-A2E6-41C1-BB82-53134F897C1A}.MSI Only|x86.ActiveCfg = Default|Any CPU
		{93F4D570-A2E6-41C1-BB82-53134F897C1A}.Release|.NET.ActiveCfg = Default|Any CPU
		{93F4D570-A2E6-41C1-BB82-53134F897C1A}.Release|.NET.Build.0 = Default|Any CPU
		{93F4D570-A2E6-41C1-BB82-53134F897C1A}.Release|Any CPU.ActiveCfg = Default|Any CPU
		{93F4D570-A2E6-41C1-BB82-53134F897C1A}.Release|Any CPU.Build.0 = Default|Any CPU
		{93F4D570-A2E6-41C1-BB82-53134F897C1A}.Release|Any CPU.Deploy.0 = Default|Any CPU
		{93F4D570-A2E6-41C1-BB82-53134F897C1A}.Release|Mixed Platforms.ActiveCfg = Default|Any CPU
		{93F4D570-A2E6-41C1-BB82-53134F897C1A}.Release|Mixed Platforms.Build.0 = Default|Any CPU
		{93F4D570-A2E6-41C1-BB82-53134F897C1A}.Release|Mixed Platforms.Deploy.0 = Default|Any CPU
		{93F4D570-A2E6-41C1-BB82-53134F897C1A}.Release|Win32.ActiveCfg = Default|Any CPU
		{93F4D570-A2E6-41C1-BB82-53134F897C1A}.Release|x86.ActiveCfg = Default|Any CPU
		{AD25BE24-8A42-44E0-9588-3767F572C338}.Debug|.NET.ActiveCfg = Debug|Any CPU
		{AD25BE24-8A42-44E0-9588-3767F572C338}.Debug|.NET.Build.0 = Debug|Any CPU
		{AD25BE24-8A42-44E0-9588-3767F572C338}.Debug|Any CPU.ActiveCfg = Debug|Any CPU
		{AD25BE24-8A42-44E0-9588-3767F572C338}.Debug|Any CPU.Build.0 = Debug|Any CPU
		{AD25BE24-8A42-44E0-9588-3767F572C338}.Debug|Mixed Platforms.ActiveCfg = Debug|Any CPU
		{AD25BE24-8A42-44E0-9588-3767F572C338}.Debug|Mixed Platforms.Build.0 = Debug|Any CPU
		{AD25BE24-8A42-44E0-9588-3767F572C338}.Debug|Win32.ActiveCfg = Debug|Any CPU
		{AD25BE24-8A42-44E0-9588-3767F572C338}.Debug|x86.ActiveCfg = Debug|Any CPU
		{AD25BE24-8A42-44E0-9588-3767F572C338}.Default|.NET.ActiveCfg = Debug|Any CPU
		{AD25BE24-8A42-44E0-9588-3767F572C338}.Default|Any CPU.ActiveCfg = Debug|Any CPU
		{AD25BE24-8A42-44E0-9588-3767F572C338}.Default|Any CPU.Build.0 = Debug|Any CPU
		{AD25BE24-8A42-44E0-9588-3767F572C338}.Default|Mixed Platforms.ActiveCfg = Debug|Any CPU
		{AD25BE24-8A42-44E0-9588-3767F572C338}.Default|Mixed Platforms.Build.0 = Debug|Any CPU
		{AD25BE24-8A42-44E0-9588-3767F572C338}.Default|Win32.ActiveCfg = Debug|Any CPU
		{AD25BE24-8A42-44E0-9588-3767F572C338}.Default|x86.ActiveCfg = Debug|Any CPU
		{AD25BE24-8A42-44E0-9588-3767F572C338}.MSI Only|.NET.ActiveCfg = Release|Any CPU
		{AD25BE24-8A42-44E0-9588-3767F572C338}.MSI Only|Any CPU.ActiveCfg = Release|Any CPU
		{AD25BE24-8A42-44E0-9588-3767F572C338}.MSI Only|Any CPU.Build.0 = Release|Any CPU
		{AD25BE24-8A42-44E0-9588-3767F572C338}.MSI Only|Mixed Platforms.ActiveCfg = Release|Any CPU
		{AD25BE24-8A42-44E0-9588-3767F572C338}.MSI Only|Mixed Platforms.Build.0 = Release|Any CPU
		{AD25BE24-8A42-44E0-9588-3767F572C338}.MSI Only|Win32.ActiveCfg = Release|Any CPU
		{AD25BE24-8A42-44E0-9588-3767F572C338}.MSI Only|x86.ActiveCfg = Release|Any CPU
		{AD25BE24-8A42-44E0-9588-3767F572C338}.Release|.NET.ActiveCfg = Release|Any CPU
		{AD25BE24-8A42-44E0-9588-3767F572C338}.Release|.NET.Build.0 = Release|Any CPU
		{AD25BE24-8A42-44E0-9588-3767F572C338}.Release|Any CPU.ActiveCfg = Release|Any CPU
		{AD25BE24-8A42-44E0-9588-3767F572C338}.Release|Any CPU.Build.0 = Release|Any CPU
		{AD25BE24-8A42-44E0-9588-3767F572C338}.Release|Mixed Platforms.ActiveCfg = Release|Any CPU
		{AD25BE24-8A42-44E0-9588-3767F572C338}.Release|Mixed Platforms.Build.0 = Release|Any CPU
		{AD25BE24-8A42-44E0-9588-3767F572C338}.Release|Win32.ActiveCfg = Release|Any CPU
		{AD25BE24-8A42-44E0-9588-3767F572C338}.Release|x86.ActiveCfg = Release|Any CPU
		{021F18FD-2FE2-443D-B484-9EE8FFCC2FDE}.Debug|.NET.ActiveCfg = Debug|Any CPU
		{021F18FD-2FE2-443D-B484-9EE8FFCC2FDE}.Debug|.NET.Build.0 = Debug|Any CPU
		{021F18FD-2FE2-443D-B484-9EE8FFCC2FDE}.Debug|Any CPU.ActiveCfg = Debug|Any CPU
		{021F18FD-2FE2-443D-B484-9EE8FFCC2FDE}.Debug|Any CPU.Build.0 = Debug|Any CPU
		{021F18FD-2FE2-443D-B484-9EE8FFCC2FDE}.Debug|Mixed Platforms.ActiveCfg = Debug|Any CPU
		{021F18FD-2FE2-443D-B484-9EE8FFCC2FDE}.Debug|Mixed Platforms.Build.0 = Debug|Any CPU
		{021F18FD-2FE2-443D-B484-9EE8FFCC2FDE}.Debug|Win32.ActiveCfg = Debug|Any CPU
		{021F18FD-2FE2-443D-B484-9EE8FFCC2FDE}.Debug|x86.ActiveCfg = Debug|Any CPU
		{021F18FD-2FE2-443D-B484-9EE8FFCC2FDE}.Default|.NET.ActiveCfg = Debug|Any CPU
		{021F18FD-2FE2-443D-B484-9EE8FFCC2FDE}.Default|Any CPU.ActiveCfg = Debug|Any CPU
		{021F18FD-2FE2-443D-B484-9EE8FFCC2FDE}.Default|Any CPU.Build.0 = Debug|Any CPU
		{021F18FD-2FE2-443D-B484-9EE8FFCC2FDE}.Default|Mixed Platforms.ActiveCfg = Debug|Any CPU
		{021F18FD-2FE2-443D-B484-9EE8FFCC2FDE}.Default|Mixed Platforms.Build.0 = Debug|Any CPU
		{021F18FD-2FE2-443D-B484-9EE8FFCC2FDE}.Default|Win32.ActiveCfg = Debug|Any CPU
		{021F18FD-2FE2-443D-B484-9EE8FFCC2FDE}.Default|x86.ActiveCfg = Debug|Any CPU
		{021F18FD-2FE2-443D-B484-9EE8FFCC2FDE}.MSI Only|.NET.ActiveCfg = Release|Any CPU
		{021F18FD-2FE2-443D-B484-9EE8FFCC2FDE}.MSI Only|Any CPU.ActiveCfg = Release|Any CPU
		{021F18FD-2FE2-443D-B484-9EE8FFCC2FDE}.MSI Only|Any CPU.Build.0 = Release|Any CPU
		{021F18FD-2FE2-443D-B484-9EE8FFCC2FDE}.MSI Only|Mixed Platforms.ActiveCfg = Release|Any CPU
		{021F18FD-2FE2-443D-B484-9EE8FFCC2FDE}.MSI Only|Mixed Platforms.Build.0 = Release|Any CPU
		{021F18FD-2FE2-443D-B484-9EE8FFCC2FDE}.MSI Only|Win32.ActiveCfg = Release|Any CPU
		{021F18FD-2FE2-443D-B484-9EE8FFCC2FDE}.MSI Only|x86.ActiveCfg = Release|Any CPU
		{021F18FD-2FE2-443D-B484-9EE8FFCC2FDE}.Release|.NET.ActiveCfg = Release|Any CPU
		{021F18FD-2FE2-443D-B484-9EE8FFCC2FDE}.Release|Any CPU.ActiveCfg = Release|Any CPU
		{021F18FD-2FE2-443D-B484-9EE8FFCC2FDE}.Release|Any CPU.Build.0 = Release|Any CPU
		{021F18FD-2FE2-443D-B484-9EE8FFCC2FDE}.Release|Mixed Platforms.ActiveCfg = Release|Any CPU
		{021F18FD-2FE2-443D-B484-9EE8FFCC2FDE}.Release|Mixed Platforms.Build.0 = Release|Any CPU
		{021F18FD-2FE2-443D-B484-9EE8FFCC2FDE}.Release|Win32.ActiveCfg = Release|Any CPU
		{021F18FD-2FE2-443D-B484-9EE8FFCC2FDE}.Release|x86.ActiveCfg = Release|Any CPU
		{5B87FA83-9A11-44FE-AA75-727F4ADD603A}.Debug|.NET.ActiveCfg = Debug
		{5B87FA83-9A11-44FE-AA75-727F4ADD603A}.Debug|Any CPU.ActiveCfg = Debug
		{5B87FA83-9A11-44FE-AA75-727F4ADD603A}.Debug|Any CPU.Build.0 = Debug
		{5B87FA83-9A11-44FE-AA75-727F4ADD603A}.Debug|Mixed Platforms.ActiveCfg = Debug
		{5B87FA83-9A11-44FE-AA75-727F4ADD603A}.Debug|Mixed Platforms.Build.0 = Debug
		{5B87FA83-9A11-44FE-AA75-727F4ADD603A}.Debug|Win32.ActiveCfg = Debug
		{5B87FA83-9A11-44FE-AA75-727F4ADD603A}.Debug|Win32.Build.0 = Debug
		{5B87FA83-9A11-44FE-AA75-727F4ADD603A}.Debug|x86.ActiveCfg = Debug
		{5B87FA83-9A11-44FE-AA75-727F4ADD603A}.Debug|x86.Build.0 = Debug
		{5B87FA83-9A11-44FE-AA75-727F4ADD603A}.Default|.NET.ActiveCfg = Debug
		{5B87FA83-9A11-44FE-AA75-727F4ADD603A}.Default|.NET.Build.0 = Debug
		{5B87FA83-9A11-44FE-AA75-727F4ADD603A}.Default|Any CPU.ActiveCfg = Debug
		{5B87FA83-9A11-44FE-AA75-727F4ADD603A}.Default|Any CPU.Build.0 = Debug
		{5B87FA83-9A11-44FE-AA75-727F4ADD603A}.Default|Mixed Platforms.ActiveCfg = Debug
		{5B87FA83-9A11-44FE-AA75-727F4ADD603A}.Default|Mixed Platforms.Build.0 = Debug
		{5B87FA83-9A11-44FE-AA75-727F4ADD603A}.Default|Win32.ActiveCfg = Debug
		{5B87FA83-9A11-44FE-AA75-727F4ADD603A}.Default|Win32.Build.0 = Debug
		{5B87FA83-9A11-44FE-AA75-727F4ADD603A}.Default|x86.ActiveCfg = Debug
		{5B87FA83-9A11-44FE-AA75-727F4ADD603A}.Default|x86.Build.0 = Debug
		{5B87FA83-9A11-44FE-AA75-727F4ADD603A}.MSI Only|.NET.ActiveCfg = MSI Only
		{5B87FA83-9A11-44FE-AA75-727F4ADD603A}.MSI Only|.NET.Build.0 = MSI Only
		{5B87FA83-9A11-44FE-AA75-727F4ADD603A}.MSI Only|Any CPU.ActiveCfg = MSI Only
		{5B87FA83-9A11-44FE-AA75-727F4ADD603A}.MSI Only|Any CPU.Build.0 = MSI Only
		{5B87FA83-9A11-44FE-AA75-727F4ADD603A}.MSI Only|Mixed Platforms.ActiveCfg = MSI Only
		{5B87FA83-9A11-44FE-AA75-727F4ADD603A}.MSI Only|Mixed Platforms.Build.0 = MSI Only
		{5B87FA83-9A11-44FE-AA75-727F4ADD603A}.MSI Only|Win32.ActiveCfg = MSI Only
		{5B87FA83-9A11-44FE-AA75-727F4ADD603A}.MSI Only|Win32.Build.0 = MSI Only
		{5B87FA83-9A11-44FE-AA75-727F4ADD603A}.MSI Only|x86.ActiveCfg = MSI Only
		{5B87FA83-9A11-44FE-AA75-727F4ADD603A}.MSI Only|x86.Build.0 = MSI Only
		{5B87FA83-9A11-44FE-AA75-727F4ADD603A}.Release|.NET.ActiveCfg = Release
		{5B87FA83-9A11-44FE-AA75-727F4ADD603A}.Release|.NET.Build.0 = Release
		{5B87FA83-9A11-44FE-AA75-727F4ADD603A}.Release|Any CPU.ActiveCfg = Release
		{5B87FA83-9A11-44FE-AA75-727F4ADD603A}.Release|Any CPU.Build.0 = Release
		{5B87FA83-9A11-44FE-AA75-727F4ADD603A}.Release|Mixed Platforms.ActiveCfg = Release
		{5B87FA83-9A11-44FE-AA75-727F4ADD603A}.Release|Mixed Platforms.Build.0 = Release
		{5B87FA83-9A11-44FE-AA75-727F4ADD603A}.Release|Win32.ActiveCfg = Release
		{5B87FA83-9A11-44FE-AA75-727F4ADD603A}.Release|Win32.Build.0 = Release
		{5B87FA83-9A11-44FE-AA75-727F4ADD603A}.Release|x86.ActiveCfg = Release
		{5B87FA83-9A11-44FE-AA75-727F4ADD603A}.Release|x86.Build.0 = Release
		{641C75A7-1AA6-419D-9D51-520744DCDD83}.Debug|.NET.ActiveCfg = Debug|x86
		{641C75A7-1AA6-419D-9D51-520744DCDD83}.Debug|Any CPU.ActiveCfg = Debug|x86
		{641C75A7-1AA6-419D-9D51-520744DCDD83}.Debug|Mixed Platforms.ActiveCfg = Debug|x86
		{641C75A7-1AA6-419D-9D51-520744DCDD83}.Debug|Mixed Platforms.Build.0 = Debug|x86
		{641C75A7-1AA6-419D-9D51-520744DCDD83}.Debug|Win32.ActiveCfg = Debug|x86
		{641C75A7-1AA6-419D-9D51-520744DCDD83}.Debug|x86.ActiveCfg = Debug|x86
		{641C75A7-1AA6-419D-9D51-520744DCDD83}.Debug|x86.Build.0 = Debug|x86
		{641C75A7-1AA6-419D-9D51-520744DCDD83}.Default|.NET.ActiveCfg = Debug|x86
		{641C75A7-1AA6-419D-9D51-520744DCDD83}.Default|Any CPU.ActiveCfg = Debug|x86
		{641C75A7-1AA6-419D-9D51-520744DCDD83}.Default|Mixed Platforms.ActiveCfg = Debug|x86
		{641C75A7-1AA6-419D-9D51-520744DCDD83}.Default|Mixed Platforms.Build.0 = Debug|x86
		{641C75A7-1AA6-419D-9D51-520744DCDD83}.Default|Win32.ActiveCfg = Debug|x86
		{641C75A7-1AA6-419D-9D51-520744DCDD83}.Default|x86.ActiveCfg = Debug|x86
		{641C75A7-1AA6-419D-9D51-520744DCDD83}.Default|x86.Build.0 = Debug|x86
		{641C75A7-1AA6-419D-9D51-520744DCDD83}.MSI Only|.NET.ActiveCfg = Release|x86
		{641C75A7-1AA6-419D-9D51-520744DCDD83}.MSI Only|Any CPU.ActiveCfg = Release|x86
		{641C75A7-1AA6-419D-9D51-520744DCDD83}.MSI Only|Mixed Platforms.ActiveCfg = Release|x86
		{641C75A7-1AA6-419D-9D51-520744DCDD83}.MSI Only|Mixed Platforms.Build.0 = Release|x86
		{641C75A7-1AA6-419D-9D51-520744DCDD83}.MSI Only|Win32.ActiveCfg = Release|x86
		{641C75A7-1AA6-419D-9D51-520744DCDD83}.MSI Only|x86.ActiveCfg = Release|x86
		{641C75A7-1AA6-419D-9D51-520744DCDD83}.MSI Only|x86.Build.0 = Release|x86
		{641C75A7-1AA6-419D-9D51-520744DCDD83}.Release|.NET.ActiveCfg = Release|x86
		{641C75A7-1AA6-419D-9D51-520744DCDD83}.Release|Any CPU.ActiveCfg = Release|x86
		{641C75A7-1AA6-419D-9D51-520744DCDD83}.Release|Any CPU.Build.0 = Release|x86
		{641C75A7-1AA6-419D-9D51-520744DCDD83}.Release|Mixed Platforms.ActiveCfg = Release|x86
		{641C75A7-1AA6-419D-9D51-520744DCDD83}.Release|Mixed Platforms.Build.0 = Release|x86
		{641C75A7-1AA6-419D-9D51-520744DCDD83}.Release|Win32.ActiveCfg = Release|x86
		{641C75A7-1AA6-419D-9D51-520744DCDD83}.Release|x86.ActiveCfg = Release|x86
		{641C75A7-1AA6-419D-9D51-520744DCDD83}.Release|x86.Build.0 = Release|x86
	EndGlobalSection
	GlobalSection(SolutionProperties) = preSolution
		HideSolutionNode = FALSE
	EndGlobalSection
	GlobalSection(NestedProjects) = preSolution
		{1B37F3C0-D1E4-4063-82AE-CC5FEF2E0553} = {FA898198-2E8D-4145-A46A-0BD4C550898A}
		{CBDF2741-B771-4399-8996-77D08C3E8267} = {FA898198-2E8D-4145-A46A-0BD4C550898A}
		{BE4776E3-69B4-49C8-AB70-AC1F87499C8A} = {FA898198-2E8D-4145-A46A-0BD4C550898A}
		{93F4D570-A2E6-41C1-BB82-53134F897C1A} = {FA898198-2E8D-4145-A46A-0BD4C550898A}
		{AD25BE24-8A42-44E0-9588-3767F572C338} = {FA898198-2E8D-4145-A46A-0BD4C550898A}
		{5B87FA83-9A11-44FE-AA75-727F4ADD603A} = {FA898198-2E8D-4145-A46A-0BD4C550898A}
		{641C75A7-1AA6-419D-9D51-520744DCDD83} = {FA898198-2E8D-4145-A46A-0BD4C550898A}
		{FDA1F3A5-6403-45A9-AFBA-DAFF20D9308D} = {2B62417A-DC9E-4B9F-8C42-31F4E511E19C}
		{D7E0828E-858A-446B-B466-E86DEA61B5F8} = {2B62417A-DC9E-4B9F-8C42-31F4E511E19C}
		{F7BA1923-B790-4FDA-A708-7430B7438264} = {3967322F-1A7F-4A23-B880-192209BD3C50}
		{A4C30C34-5B24-4CDD-8EDC-D57079ABF4D2} = {3967322F-1A7F-4A23-B880-192209BD3C50}
		{9A4BC4D5-3E56-4E31-8CD9-CE1352F3F165} = {3967322F-1A7F-4A23-B880-192209BD3C50}
		{A20896F2-BE4B-4B0A-AEA8-52547C8B000A} = {A6152E38-F30F-402C-A311-7FC87276A134}
		{D59D5618-B937-46ED-AC6A-E94EB3C2CA6F} = {A6152E38-F30F-402C-A311-7FC87276A134}
		{8D76B38B-9BE6-41B3-8FE5-1E3D1370956F} = {A6152E38-F30F-402C-A311-7FC87276A134}
		{A23A5C74-2D76-4628-87D2-DB4C1EAD9932} = {A6152E38-F30F-402C-A311-7FC87276A134}
		{FD6A0E85-9D46-4C5C-B2D8-625F1B12ADEC} = {A6152E38-F30F-402C-A311-7FC87276A134}
		{BA03410D-349E-4225-81BB-385B9ED68B02} = {A6152E38-F30F-402C-A311-7FC87276A134}
		{7F77B3FA-23A3-461A-8950-8D23831D67EC} = {A6152E38-F30F-402C-A311-7FC87276A134}
		{38C606BA-7D53-4D91-929C-FBD56ECFC2D1} = {A6152E38-F30F-402C-A311-7FC87276A134}
		{021F18FD-2FE2-443D-B484-9EE8FFCC2FDE} = {A6152E38-F30F-402C-A311-7FC87276A134}
	EndGlobalSection
	GlobalSection(TextTemplating) = postSolution
		TextTemplating = 1
	EndGlobalSection
	GlobalSection(NDepend) = preSolution
		Project = ".\NetSqlAzMan_Solution.ndproj"
	EndGlobalSection
EndGlobal
