
Microsoft Visual Studio Solution File, Format Version 10.00
# Visual Studio 2008
Project("{FAE04EC0-301F-11D3-BF4B-00C04F79EFBC}") = "NetSqlAzMan_WinTest", "NetSqlAzMan_WinTest\NetSqlAzMan_WinTest.csproj", "{A20896F2-BE4B-4B0A-AEA8-52547C8B000A}"
EndProject
Project("{FAE04EC0-301F-11D3-BF4B-00C04F79EFBC}") = "NetSqlAzMan.SnapIn", "NetSqlAzMan.SnapIn\NetSqlAzMan.SnapIn.csproj", "{1B37F3C0-D1E4-4063-82AE-CC5FEF2E0553}"
	ProjectSection(ProjectDependencies) = postProject
		{F4B429C1-BE1C-49F0-A358-D6B29A2E6346} = {F4B429C1-BE1C-49F0-A358-D6B29A2E6346}
	EndProjectSection
EndProject
Project("{FAE04EC0-301F-11D3-BF4B-00C04F79EFBC}") = "NetSqlAzMan", "NetSqlAzMan\NetSqlAzMan.csproj", "{CBDF2741-B771-4399-8996-77D08C3E8267}"
EndProject
Project("{54435603-DBB4-11D2-8724-00A0C9A8B90C}") = "NetSqlAzManSetup", "NetSqlAzManSetup\NetSqlAzManSetup.vdproj", "{BE4776E3-69B4-49C8-AB70-AC1F87499C8A}"
EndProject
Project("{FAE04EC0-301F-11D3-BF4B-00C04F79EFBC}") = "NetSqlAzMan_WinPerformanceTest", "NetSqlAzMan_WinPerformanceTest\NetSqlAzMan_WinPerformanceTest.csproj", "{D59D5618-B937-46ED-AC6A-E94EB3C2CA6F}"
EndProject
Project("{FAE04EC0-301F-11D3-BF4B-00C04F79EFBC}") = "NetSqlAzMan_Test", "NetSqlAzMan_Test\NetSqlAzMan_Test.csproj", "{8D76B38B-9BE6-41B3-8FE5-1E3D1370956F}"
EndProject
Project("{FAE04EC0-301F-11D3-BF4B-00C04F79EFBC}") = "NetSqlAzMan_vs_AzMan_StressTest", "NetSqlAzMan_vs_AzMan_StressTest_Solution\NetSqlAzMan_vs_AzMan_StressTest\NetSqlAzMan_vs_AzMan_StressTest.csproj", "{A23A5C74-2D76-4628-87D2-DB4C1EAD9932}"
EndProject
Project("{F184B08F-C81C-45F6-A57F-5ABD9991F28F}") = "NetSqlAzMan_VB_WinTest", "NetSqlAzMan_VB_WinTest\NetSqlAzMan_VB_WinTest.vbproj", "{FD6A0E85-9D46-4C5C-B2D8-625F1B12ADEC}"
EndProject
Project("{8BC9CEB8-8B4A-11D0-8D11-00A0C91BC942}") = "ObjectPickerHelper2", "ObjectPickerHelper2\ObjectPickerHelper2.vcproj", "{F4B429C1-BE1C-49F0-A358-D6B29A2E6346}"
EndProject
Project("{E24C65DC-7377-472B-9ABA-BC803B73C61A}") = "SDS", "SDS", "{4F1B3B5C-4B54-4815-A2F7-0D19997BAF12}"
	ProjectSection(WebsiteProperties) = preProject
		SccProjectName = "SAK"
		SccAuxPath = "SAK"
		SccLocalPath = "SAK"
		SccProvider = "SAK"
		TargetFramework = "3.5"
		ProjectReferences = "{CBDF2741-B771-4399-8996-77D08C3E8267}|NetSqlAzMan.dll;"
		Debug.AspNetCompiler.VirtualPath = "/SDS"
		Debug.AspNetCompiler.PhysicalPath = "SDS\"
		Debug.AspNetCompiler.TargetPath = "PrecompiledWeb\SDS\"
		Debug.AspNetCompiler.Updateable = "true"
		Debug.AspNetCompiler.ForceOverwrite = "true"
		Debug.AspNetCompiler.FixedNames = "false"
		Debug.AspNetCompiler.Debug = "True"
		Release.AspNetCompiler.VirtualPath = "/SDS"
		Release.AspNetCompiler.PhysicalPath = "SDS\"
		Release.AspNetCompiler.TargetPath = "PrecompiledWeb\SDS\"
		Release.AspNetCompiler.Updateable = "true"
		Release.AspNetCompiler.ForceOverwrite = "true"
		Release.AspNetCompiler.FixedNames = "false"
		Release.AspNetCompiler.Debug = "False"
		VWDPort = "59118"
		DefaultWebSiteLanguage = "Visual C#"
	EndProjectSection
EndProject
Project("{E24C65DC-7377-472B-9ABA-BC803B73C61A}") = "NetSqlAzMan_WebTest", "NetSqlAzMan_WebTest", "{DA3841F5-1D5F-4B8A-ABD3-AF40EDCF6AAA}"
	ProjectSection(WebsiteProperties) = preProject
		SccProjectName = "SAK"
		SccAuxPath = "SAK"
		SccLocalPath = "SAK"
		SccProvider = "SAK"
		TargetFramework = "3.5"
		ProjectReferences = "{CBDF2741-B771-4399-8996-77D08C3E8267}|NetSqlAzMan.dll;"
		Debug.AspNetCompiler.VirtualPath = "/NetSqlAzMan_WebTest"
		Debug.AspNetCompiler.PhysicalPath = "NetSqlAzMan_WebTest\"
		Debug.AspNetCompiler.TargetPath = "PrecompiledWeb\NetSqlAzMan_WebTest\"
		Debug.AspNetCompiler.Updateable = "true"
		Debug.AspNetCompiler.ForceOverwrite = "true"
		Debug.AspNetCompiler.FixedNames = "false"
		Debug.AspNetCompiler.Debug = "True"
		Release.AspNetCompiler.VirtualPath = "/NetSqlAzMan_WebTest"
		Release.AspNetCompiler.PhysicalPath = "NetSqlAzMan_WebTest\"
		Release.AspNetCompiler.TargetPath = "PrecompiledWeb\NetSqlAzMan_WebTest\"
		Release.AspNetCompiler.Updateable = "true"
		Release.AspNetCompiler.ForceOverwrite = "true"
		Release.AspNetCompiler.FixedNames = "false"
		Release.AspNetCompiler.Debug = "False"
		VWDPort = "59120"
		DefaultWebSiteLanguage = "Visual C#"
	EndProjectSection
EndProject
Project("{FAE04EC0-301F-11D3-BF4B-00C04F79EFBC}") = "NetSqlAzMan_WebTest2", "NetSqlAzMan_WebTest2\NetSqlAzMan_WebTest2.csproj", "{5B79C72B-1B01-4E60-91B7-1D3EC21768FF}"
EndProject
Project("{FAE04EC0-301F-11D3-BF4B-00C04F79EFBC}") = "NetSqlAzManWebConsole", "NetSqlAzManWebConsole\NetSqlAzManWebConsole.csproj", "{FDA1F3A5-6403-45A9-AFBA-DAFF20D9308D}"
EndProject
Project("{54435603-DBB4-11D2-8724-00A0C9A8B90C}") = "NetSqlAzManWebConsoleSetup", "NetSqlAzManWebConsoleSetup\NetSqlAzManWebConsoleSetup.vdproj", "{D7E0828E-858A-446B-B466-E86DEA61B5F8}"
EndProject
Project("{FAE04EC0-301F-11D3-BF4B-00C04F79EFBC}") = "NetSqlAzManCacheService", "NetSqlAzManCacheService\NetSqlAzManCacheService.csproj", "{F7BA1923-B790-4FDA-A708-7430B7438264}"
EndProject
Project("{54435603-DBB4-11D2-8724-00A0C9A8B90C}") = "NetSqlAzManCacheServiceSetup", "NetSqlAzManCacheServiceSetup\NetSqlAzManCacheServiceSetup.vdproj", "{A4C30C34-5B24-4CDD-8EDC-D57079ABF4D2}"
EndProject
Project("{FAE04EC0-301F-11D3-BF4B-00C04F79EFBC}") = "NetSqlAzManCacheServiceInvalidateUtility", "NetSqlAzManCacheServiceInvalidateUtility\NetSqlAzManCacheServiceInvalidateUtility.csproj", "{9A4BC4D5-3E56-4E31-8CD9-CE1352F3F165}"
EndProject
Project("{FAE04EC0-301F-11D3-BF4B-00C04F79EFBC}") = "NetSqlAzManWCFServiceTest", "NetSqlAzManWCFServiceTest\NetSqlAzManWCFServiceTest.csproj", "{BA03410D-349E-4225-81BB-385B9ED68B02}"
EndProject
Project("{FAE04EC0-301F-11D3-BF4B-00C04F79EFBC}") = "NetSqlAzManWCFServiceWinTest", "NetSqlAzManWCFServiceWinTest\NetSqlAzManWCFServiceWinTest.csproj", "{7F77B3FA-23A3-461A-8950-8D23831D67EC}"
	ProjectSection(ProjectDependencies) = postProject
		{BA03410D-349E-4225-81BB-385B9ED68B02} = {BA03410D-349E-4225-81BB-385B9ED68B02}
	EndProjectSection
EndProject
Project("{2150E333-8FDC-42A3-9474-1A3956D46DE8}") = "1 Core and SnapIn", "1 Core and SnapIn", "{FA898198-2E8D-4145-A46A-0BD4C550898A}"
EndProject
Project("{FAE04EC0-301F-11D3-BF4B-00C04F79EFBC}") = "CheckAccessTemplate", "CheckAccessTemplate\CheckAccessTemplate.csproj", "{38C606BA-7D53-4D91-929C-FBD56ECFC2D1}"
EndProject
Project("{2150E333-8FDC-42A3-9474-1A3956D46DE8}") = "2 Web Console", "2 Web Console", "{2B62417A-DC9E-4B9F-8C42-31F4E511E19C}"
EndProject
Project("{2150E333-8FDC-42A3-9474-1A3956D46DE8}") = "3 WCF Cache Service", "3 WCF Cache Service", "{3967322F-1A7F-4A23-B880-192209BD3C50}"
EndProject
Project("{2150E333-8FDC-42A3-9474-1A3956D46DE8}") = "4 Samples", "4 Samples", "{1946F347-1581-42E4-8580-F278113B1230}"
EndProject
Project("{2150E333-8FDC-42A3-9474-1A3956D46DE8}") = "5 Internal Testing", "5 Internal Testing", "{A6152E38-F30F-402C-A311-7FC87276A134}"
EndProject
Project("{A9ACE9BB-CECE-4E62-9AA4-C7E7C5BD2124}") = "NetSqlAzManStorage", "NetSqlAzManStorage\NetSqlAzManStorage.dbproj", "{93F4D570-A2E6-41C1-BB82-53134F897C1A}"
EndProject
Global
	GlobalSection(TeamFoundationVersionControl) = preSolution
		SccNumberOfProjects = 22
		SccEnterpriseProvider = {4CA58AB2-18FA-4F8D-95D4-32DDF27D184C}
		SccTeamFoundationServer = https://tfs08.codeplex.com/
		SccLocalPath0 = .
		SccProjectUniqueName1 = NetSqlAzMan.SnapIn\\NetSqlAzMan.SnapIn.csproj
		SccProjectTopLevelParentUniqueName1 = NetSqlAzMan_Solution.sln
		SccProjectName1 = NetSqlAzMan.SnapIn
		SccLocalPath1 = NetSqlAzMan.SnapIn
		SccProjectUniqueName2 = NetSqlAzMan\\NetSqlAzMan.csproj
		SccProjectTopLevelParentUniqueName2 = NetSqlAzMan_Solution.sln
		SccProjectName2 = NetSqlAzMan
		SccLocalPath2 = NetSqlAzMan
		SccProjectUniqueName3 = NetSqlAzMan_Test\\NetSqlAzMan_Test.csproj
		SccProjectTopLevelParentUniqueName3 = NetSqlAzMan_Solution.sln
		SccProjectName3 = NetSqlAzMan_Test
		SccLocalPath3 = NetSqlAzMan_Test
		SccProjectUniqueName4 = NetSqlAzMan_VB_WinTest\\NetSqlAzMan_VB_WinTest.vbproj
		SccProjectTopLevelParentUniqueName4 = NetSqlAzMan_Solution.sln
		SccProjectName4 = NetSqlAzMan_VB_WinTest
		SccLocalPath4 = NetSqlAzMan_VB_WinTest
		SccProjectUniqueName5 = NetSqlAzMan_vs_AzMan_StressTest_Solution\\NetSqlAzMan_vs_AzMan_StressTest\\NetSqlAzMan_vs_AzMan_StressTest.csproj
		SccProjectTopLevelParentUniqueName5 = NetSqlAzMan_Solution.sln
		SccProjectName5 = NetSqlAzMan_vs_AzMan_StressTest_Solution/NetSqlAzMan_vs_AzMan_StressTest
		SccLocalPath5 = NetSqlAzMan_vs_AzMan_StressTest_Solution\\NetSqlAzMan_vs_AzMan_StressTest
		SccProjectUniqueName6 = NetSqlAzMan_WebTest2\\NetSqlAzMan_WebTest2.csproj
		SccProjectTopLevelParentUniqueName6 = NetSqlAzMan_Solution.sln
		SccProjectName6 = NetSqlAzMan_WebTest2
		SccLocalPath6 = NetSqlAzMan_WebTest2
		SccWebProject7 = true
		SccProjectUniqueName7 = NetSqlAzMan_WebTest
		SccProjectTopLevelParentUniqueName7 = NetSqlAzMan_Solution.sln
		SccLocalPath7 = .
		SccProjectFilePathRelativizedFromConnection7 = NetSqlAzMan_WebTest\\
		SccProjectEnlistmentChoice7 = 2
		SccProjectUniqueName8 = NetSqlAzMan_WinPerformanceTest\\NetSqlAzMan_WinPerformanceTest.csproj
		SccProjectTopLevelParentUniqueName8 = NetSqlAzMan_Solution.sln
		SccProjectName8 = NetSqlAzMan_WinPerformanceTest
		SccLocalPath8 = NetSqlAzMan_WinPerformanceTest
		SccProjectUniqueName9 = NetSqlAzMan_WinTest\\NetSqlAzMan_WinTest.csproj
		SccProjectTopLevelParentUniqueName9 = NetSqlAzMan_Solution.sln
		SccProjectName9 = NetSqlAzMan_WinTest
		SccLocalPath9 = NetSqlAzMan_WinTest
		SccProjectUniqueName10 = NetSqlAzManCacheService\\NetSqlAzManCacheService.csproj
		SccProjectTopLevelParentUniqueName10 = NetSqlAzMan_Solution.sln
		SccProjectName10 = NetSqlAzManCacheService
		SccLocalPath10 = NetSqlAzManCacheService
		SccProjectUniqueName11 = NetSqlAzManCacheServiceInvalidateUtility\\NetSqlAzManCacheServiceInvalidateUtility.csproj
		SccProjectTopLevelParentUniqueName11 = NetSqlAzMan_Solution.sln
		SccProjectName11 = NetSqlAzManCacheServiceInvalidateUtility
		SccLocalPath11 = NetSqlAzManCacheServiceInvalidateUtility
		SccProjectUniqueName12 = NetSqlAzManCacheServiceSetup\\NetSqlAzManCacheServiceSetup.vdproj
		SccProjectTopLevelParentUniqueName12 = NetSqlAzMan_Solution.sln
		SccProjectName12 = NetSqlAzManCacheServiceSetup
		SccLocalPath12 = NetSqlAzManCacheServiceSetup
		SccProjectUniqueName13 = NetSqlAzManSetup\\NetSqlAzManSetup.vdproj
		SccProjectTopLevelParentUniqueName13 = NetSqlAzMan_Solution.sln
		SccProjectName13 = NetSqlAzManSetup
		SccLocalPath13 = NetSqlAzManSetup
		SccProjectUniqueName14 = NetSqlAzManWCFServiceTest\\NetSqlAzManWCFServiceTest.csproj
		SccProjectTopLevelParentUniqueName14 = NetSqlAzMan_Solution.sln
		SccProjectName14 = NetSqlAzManWCFServiceTest
		SccLocalPath14 = NetSqlAzManWCFServiceTest
		SccProjectUniqueName15 = NetSqlAzManWCFServiceWinTest\\NetSqlAzManWCFServiceWinTest.csproj
		SccProjectTopLevelParentUniqueName15 = NetSqlAzMan_Solution.sln
		SccProjectName15 = NetSqlAzManWCFServiceWinTest
		SccLocalPath15 = NetSqlAzManWCFServiceWinTest
		SccProjectUniqueName16 = NetSqlAzManWebConsole\\NetSqlAzManWebConsole.csproj
		SccProjectTopLevelParentUniqueName16 = NetSqlAzMan_Solution.sln
		SccProjectName16 = NetSqlAzManWebConsole
		SccLocalPath16 = NetSqlAzManWebConsole
		SccProjectUniqueName17 = NetSqlAzManWebConsoleSetup\\NetSqlAzManWebConsoleSetup.vdproj
		SccProjectTopLevelParentUniqueName17 = NetSqlAzMan_Solution.sln
		SccProjectName17 = NetSqlAzManWebConsoleSetup
		SccLocalPath17 = NetSqlAzManWebConsoleSetup
		SccProjectUniqueName18 = ObjectPickerHelper2\\ObjectPickerHelper2.vcproj
		SccProjectTopLevelParentUniqueName18 = NetSqlAzMan_Solution.sln
		SccProjectName18 = ObjectPickerHelper2
		SccLocalPath18 = ObjectPickerHelper2
		SccWebProject19 = true
		SccProjectUniqueName19 = SDS
		SccProjectTopLevelParentUniqueName19 = NetSqlAzMan_Solution.sln
		SccLocalPath19 = .
		SccProjectFilePathRelativizedFromConnection19 = SDS\\
		SccProjectEnlistmentChoice19 = 2
		SccProjectUniqueName20 = CheckAccessTemplate\\CheckAccessTemplate.csproj
		SccProjectTopLevelParentUniqueName20 = NetSqlAzMan_Solution.sln
		SccProjectName20 = CheckAccessTemplate
		SccLocalPath20 = CheckAccessTemplate
		SccProjectUniqueName21 = NetSqlAzManStorage\\NetSqlAzManStorage.dbproj
		SccProjectTopLevelParentUniqueName21 = NetSqlAzMan_Solution.sln
		SccProjectName21 = NetSqlAzManStorage
		SccLocalPath21 = NetSqlAzManStorage
	EndGlobalSection
	GlobalSection(SolutionConfigurationPlatforms) = preSolution
		Debug|.NET = Debug|.NET
		Debug|Any CPU = Debug|Any CPU
		Debug|Mixed Platforms = Debug|Mixed Platforms
		Debug|Win32 = Debug|Win32
		Default|.NET = Default|.NET
		Default|Any CPU = Default|Any CPU
		Default|Mixed Platforms = Default|Mixed Platforms
		Default|Win32 = Default|Win32
		Release|.NET = Release|.NET
		Release|Any CPU = Release|Any CPU
		Release|Mixed Platforms = Release|Mixed Platforms
		Release|Win32 = Release|Win32
	EndGlobalSection
	GlobalSection(ProjectConfigurationPlatforms) = postSolution
		{A20896F2-BE4B-4B0A-AEA8-52547C8B000A}.Debug|.NET.ActiveCfg = Debug|Any CPU
		{A20896F2-BE4B-4B0A-AEA8-52547C8B000A}.Debug|.NET.Build.0 = Debug|Any CPU
		{A20896F2-BE4B-4B0A-AEA8-52547C8B000A}.Debug|Any CPU.ActiveCfg = Debug|Any CPU
		{A20896F2-BE4B-4B0A-AEA8-52547C8B000A}.Debug|Any CPU.Build.0 = Debug|Any CPU
		{A20896F2-BE4B-4B0A-AEA8-52547C8B000A}.Debug|Mixed Platforms.ActiveCfg = Debug|Any CPU
		{A20896F2-BE4B-4B0A-AEA8-52547C8B000A}.Debug|Mixed Platforms.Build.0 = Debug|Any CPU
		{A20896F2-BE4B-4B0A-AEA8-52547C8B000A}.Debug|Win32.ActiveCfg = Debug|Any CPU
		{A20896F2-BE4B-4B0A-AEA8-52547C8B000A}.Default|.NET.ActiveCfg = Debug|Any CPU
		{A20896F2-BE4B-4B0A-AEA8-52547C8B000A}.Default|Any CPU.ActiveCfg = Debug|Any CPU
		{A20896F2-BE4B-4B0A-AEA8-52547C8B000A}.Default|Any CPU.Build.0 = Debug|Any CPU
		{A20896F2-BE4B-4B0A-AEA8-52547C8B000A}.Default|Mixed Platforms.ActiveCfg = Debug|Any CPU
		{A20896F2-BE4B-4B0A-AEA8-52547C8B000A}.Default|Mixed Platforms.Build.0 = Debug|Any CPU
		{A20896F2-BE4B-4B0A-AEA8-52547C8B000A}.Default|Win32.ActiveCfg = Debug|Any CPU
		{A20896F2-BE4B-4B0A-AEA8-52547C8B000A}.Release|.NET.ActiveCfg = Release|Any CPU
		{A20896F2-BE4B-4B0A-AEA8-52547C8B000A}.Release|.NET.Build.0 = Release|Any CPU
		{A20896F2-BE4B-4B0A-AEA8-52547C8B000A}.Release|Any CPU.ActiveCfg = Release|Any CPU
		{A20896F2-BE4B-4B0A-AEA8-52547C8B000A}.Release|Any CPU.Build.0 = Release|Any CPU
		{A20896F2-BE4B-4B0A-AEA8-52547C8B000A}.Release|Mixed Platforms.ActiveCfg = Release|Any CPU
		{A20896F2-BE4B-4B0A-AEA8-52547C8B000A}.Release|Mixed Platforms.Build.0 = Release|Any CPU
		{A20896F2-BE4B-4B0A-AEA8-52547C8B000A}.Release|Win32.ActiveCfg = Release|Any CPU
		{1B37F3C0-D1E4-4063-82AE-CC5FEF2E0553}.Debug|.NET.ActiveCfg = Debug|Any CPU
		{1B37F3C0-D1E4-4063-82AE-CC5FEF2E0553}.Debug|.NET.Build.0 = Debug|Any CPU
		{1B37F3C0-D1E4-4063-82AE-CC5FEF2E0553}.Debug|Any CPU.ActiveCfg = Debug|Any CPU
		{1B37F3C0-D1E4-4063-82AE-CC5FEF2E0553}.Debug|Any CPU.Build.0 = Debug|Any CPU
		{1B37F3C0-D1E4-4063-82AE-CC5FEF2E0553}.Debug|Mixed Platforms.ActiveCfg = Debug|Any CPU
		{1B37F3C0-D1E4-4063-82AE-CC5FEF2E0553}.Debug|Mixed Platforms.Build.0 = Debug|Any CPU
		{1B37F3C0-D1E4-4063-82AE-CC5FEF2E0553}.Debug|Win32.ActiveCfg = Debug|Any CPU
		{1B37F3C0-D1E4-4063-82AE-CC5FEF2E0553}.Default|.NET.ActiveCfg = Debug|Any CPU
		{1B37F3C0-D1E4-4063-82AE-CC5FEF2E0553}.Default|Any CPU.ActiveCfg = Debug|Any CPU
		{1B37F3C0-D1E4-4063-82AE-CC5FEF2E0553}.Default|Any CPU.Build.0 = Debug|Any CPU
		{1B37F3C0-D1E4-4063-82AE-CC5FEF2E0553}.Default|Mixed Platforms.ActiveCfg = Debug|Any CPU
		{1B37F3C0-D1E4-4063-82AE-CC5FEF2E0553}.Default|Mixed Platforms.Build.0 = Debug|Any CPU
		{1B37F3C0-D1E4-4063-82AE-CC5FEF2E0553}.Default|Win32.ActiveCfg = Debug|Any CPU
		{1B37F3C0-D1E4-4063-82AE-CC5FEF2E0553}.Release|.NET.ActiveCfg = Release|Any CPU
		{1B37F3C0-D1E4-4063-82AE-CC5FEF2E0553}.Release|.NET.Build.0 = Release|Any CPU
		{1B37F3C0-D1E4-4063-82AE-CC5FEF2E0553}.Release|Any CPU.ActiveCfg = Release|Any CPU
		{1B37F3C0-D1E4-4063-82AE-CC5FEF2E0553}.Release|Any CPU.Build.0 = Release|Any CPU
		{1B37F3C0-D1E4-4063-82AE-CC5FEF2E0553}.Release|Mixed Platforms.ActiveCfg = Release|Any CPU
		{1B37F3C0-D1E4-4063-82AE-CC5FEF2E0553}.Release|Mixed Platforms.Build.0 = Release|Any CPU
		{1B37F3C0-D1E4-4063-82AE-CC5FEF2E0553}.Release|Win32.ActiveCfg = Release|Any CPU
		{CBDF2741-B771-4399-8996-77D08C3E8267}.Debug|.NET.ActiveCfg = Debug|Any CPU
		{CBDF2741-B771-4399-8996-77D08C3E8267}.Debug|.NET.Build.0 = Debug|Any CPU
		{CBDF2741-B771-4399-8996-77D08C3E8267}.Debug|Any CPU.ActiveCfg = Debug|Any CPU
		{CBDF2741-B771-4399-8996-77D08C3E8267}.Debug|Any CPU.Build.0 = Debug|Any CPU
		{CBDF2741-B771-4399-8996-77D08C3E8267}.Debug|Mixed Platforms.ActiveCfg = Debug|Any CPU
		{CBDF2741-B771-4399-8996-77D08C3E8267}.Debug|Mixed Platforms.Build.0 = Debug|Any CPU
		{CBDF2741-B771-4399-8996-77D08C3E8267}.Debug|Win32.ActiveCfg = Debug|Any CPU
		{CBDF2741-B771-4399-8996-77D08C3E8267}.Default|.NET.ActiveCfg = Debug|Any CPU
		{CBDF2741-B771-4399-8996-77D08C3E8267}.Default|Any CPU.ActiveCfg = Debug|Any CPU
		{CBDF2741-B771-4399-8996-77D08C3E8267}.Default|Any CPU.Build.0 = Debug|Any CPU
		{CBDF2741-B771-4399-8996-77D08C3E8267}.Default|Mixed Platforms.ActiveCfg = Debug|Any CPU
		{CBDF2741-B771-4399-8996-77D08C3E8267}.Default|Mixed Platforms.Build.0 = Debug|Any CPU
		{CBDF2741-B771-4399-8996-77D08C3E8267}.Default|Win32.ActiveCfg = Debug|Any CPU
		{CBDF2741-B771-4399-8996-77D08C3E8267}.Release|.NET.ActiveCfg = Release|Any CPU
		{CBDF2741-B771-4399-8996-77D08C3E8267}.Release|.NET.Build.0 = Release|Any CPU
		{CBDF2741-B771-4399-8996-77D08C3E8267}.Release|Any CPU.ActiveCfg = Release|Any CPU
		{CBDF2741-B771-4399-8996-77D08C3E8267}.Release|Any CPU.Build.0 = Release|Any CPU
		{CBDF2741-B771-4399-8996-77D08C3E8267}.Release|Mixed Platforms.ActiveCfg = Release|Any CPU
		{CBDF2741-B771-4399-8996-77D08C3E8267}.Release|Mixed Platforms.Build.0 = Release|Any CPU
		{CBDF2741-B771-4399-8996-77D08C3E8267}.Release|Win32.ActiveCfg = Release|Any CPU
		{BE4776E3-69B4-49C8-AB70-AC1F87499C8A}.Debug|.NET.ActiveCfg = Debug
		{BE4776E3-69B4-49C8-AB70-AC1F87499C8A}.Debug|Any CPU.ActiveCfg = Debug
		{BE4776E3-69B4-49C8-AB70-AC1F87499C8A}.Debug|Mixed Platforms.ActiveCfg = Debug
		{BE4776E3-69B4-49C8-AB70-AC1F87499C8A}.Debug|Win32.ActiveCfg = Debug
		{BE4776E3-69B4-49C8-AB70-AC1F87499C8A}.Debug|Win32.Build.0 = Debug
		{BE4776E3-69B4-49C8-AB70-AC1F87499C8A}.Default|.NET.ActiveCfg = Debug
		{BE4776E3-69B4-49C8-AB70-AC1F87499C8A}.Default|.NET.Build.0 = Debug
		{BE4776E3-69B4-49C8-AB70-AC1F87499C8A}.Default|Any CPU.ActiveCfg = Debug
		{BE4776E3-69B4-49C8-AB70-AC1F87499C8A}.Default|Any CPU.Build.0 = Debug
		{BE4776E3-69B4-49C8-AB70-AC1F87499C8A}.Default|Mixed Platforms.ActiveCfg = Debug
		{BE4776E3-69B4-49C8-AB70-AC1F87499C8A}.Default|Mixed Platforms.Build.0 = Debug
		{BE4776E3-69B4-49C8-AB70-AC1F87499C8A}.Default|Win32.ActiveCfg = Debug
		{BE4776E3-69B4-49C8-AB70-AC1F87499C8A}.Default|Win32.Build.0 = Debug
		{BE4776E3-69B4-49C8-AB70-AC1F87499C8A}.Release|.NET.ActiveCfg = Release
		{BE4776E3-69B4-49C8-AB70-AC1F87499C8A}.Release|.NET.Build.0 = Release
		{BE4776E3-69B4-49C8-AB70-AC1F87499C8A}.Release|Any CPU.ActiveCfg = Release
		{BE4776E3-69B4-49C8-AB70-AC1F87499C8A}.Release|Any CPU.Build.0 = Release
		{BE4776E3-69B4-49C8-AB70-AC1F87499C8A}.Release|Mixed Platforms.ActiveCfg = Release
		{BE4776E3-69B4-49C8-AB70-AC1F87499C8A}.Release|Mixed Platforms.Build.0 = Release
		{BE4776E3-69B4-49C8-AB70-AC1F87499C8A}.Release|Win32.ActiveCfg = Release
		{BE4776E3-69B4-49C8-AB70-AC1F87499C8A}.Release|Win32.Build.0 = Release
		{D59D5618-B937-46ED-AC6A-E94EB3C2CA6F}.Debug|.NET.ActiveCfg = Debug|Any CPU
		{D59D5618-B937-46ED-AC6A-E94EB3C2CA6F}.Debug|.NET.Build.0 = Debug|Any CPU
		{D59D5618-B937-46ED-AC6A-E94EB3C2CA6F}.Debug|Any CPU.ActiveCfg = Debug|Any CPU
		{D59D5618-B937-46ED-AC6A-E94EB3C2CA6F}.Debug|Mixed Platforms.ActiveCfg = Debug|Any CPU
		{D59D5618-B937-46ED-AC6A-E94EB3C2CA6F}.Debug|Mixed Platforms.Build.0 = Debug|Any CPU
		{D59D5618-B937-46ED-AC6A-E94EB3C2CA6F}.Debug|Win32.ActiveCfg = Debug|Any CPU
		{D59D5618-B937-46ED-AC6A-E94EB3C2CA6F}.Default|.NET.ActiveCfg = Debug|Any CPU
		{D59D5618-B937-46ED-AC6A-E94EB3C2CA6F}.Default|Any CPU.ActiveCfg = Debug|Any CPU
		{D59D5618-B937-46ED-AC6A-E94EB3C2CA6F}.Default|Any CPU.Build.0 = Debug|Any CPU
		{D59D5618-B937-46ED-AC6A-E94EB3C2CA6F}.Default|Mixed Platforms.ActiveCfg = Debug|Any CPU
		{D59D5618-B937-46ED-AC6A-E94EB3C2CA6F}.Default|Mixed Platforms.Build.0 = Debug|Any CPU
		{D59D5618-B937-46ED-AC6A-E94EB3C2CA6F}.Default|Win32.ActiveCfg = Debug|Any CPU
		{D59D5618-B937-46ED-AC6A-E94EB3C2CA6F}.Release|.NET.ActiveCfg = Release|Any CPU
		{D59D5618-B937-46ED-AC6A-E94EB3C2CA6F}.Release|.NET.Build.0 = Release|Any CPU
		{D59D5618-B937-46ED-AC6A-E94EB3C2CA6F}.Release|Any CPU.ActiveCfg = Release|Any CPU
		{D59D5618-B937-46ED-AC6A-E94EB3C2CA6F}.Release|Any CPU.Build.0 = Release|Any CPU
		{D59D5618-B937-46ED-AC6A-E94EB3C2CA6F}.Release|Mixed Platforms.ActiveCfg = Release|Any CPU
		{D59D5618-B937-46ED-AC6A-E94EB3C2CA6F}.Release|Mixed Platforms.Build.0 = Release|Any CPU
		{D59D5618-B937-46ED-AC6A-E94EB3C2CA6F}.Release|Win32.ActiveCfg = Release|Any CPU
		{8D76B38B-9BE6-41B3-8FE5-1E3D1370956F}.Debug|.NET.ActiveCfg = Debug|Any CPU
		{8D76B38B-9BE6-41B3-8FE5-1E3D1370956F}.Debug|.NET.Build.0 = Debug|Any CPU
		{8D76B38B-9BE6-41B3-8FE5-1E3D1370956F}.Debug|Any CPU.ActiveCfg = Debug|Any CPU
		{8D76B38B-9BE6-41B3-8FE5-1E3D1370956F}.Debug|Any CPU.Build.0 = Debug|Any CPU
		{8D76B38B-9BE6-41B3-8FE5-1E3D1370956F}.Debug|Mixed Platforms.ActiveCfg = Debug|Any CPU
		{8D76B38B-9BE6-41B3-8FE5-1E3D1370956F}.Debug|Mixed Platforms.Build.0 = Debug|Any CPU
		{8D76B38B-9BE6-41B3-8FE5-1E3D1370956F}.Debug|Win32.ActiveCfg = Debug|Any CPU
		{8D76B38B-9BE6-41B3-8FE5-1E3D1370956F}.Default|.NET.ActiveCfg = Debug|Any CPU
		{8D76B38B-9BE6-41B3-8FE5-1E3D1370956F}.Default|Any CPU.ActiveCfg = Debug|Any CPU
		{8D76B38B-9BE6-41B3-8FE5-1E3D1370956F}.Default|Any CPU.Build.0 = Debug|Any CPU
		{8D76B38B-9BE6-41B3-8FE5-1E3D1370956F}.Default|Mixed Platforms.ActiveCfg = Debug|Any CPU
		{8D76B38B-9BE6-41B3-8FE5-1E3D1370956F}.Default|Mixed Platforms.Build.0 = Debug|Any CPU
		{8D76B38B-9BE6-41B3-8FE5-1E3D1370956F}.Default|Win32.ActiveCfg = Debug|Any CPU
		{8D76B38B-9BE6-41B3-8FE5-1E3D1370956F}.Release|.NET.ActiveCfg = Release|Any CPU
		{8D76B38B-9BE6-41B3-8FE5-1E3D1370956F}.Release|.NET.Build.0 = Release|Any CPU
		{8D76B38B-9BE6-41B3-8FE5-1E3D1370956F}.Release|Any CPU.ActiveCfg = Release|Any CPU
		{8D76B38B-9BE6-41B3-8FE5-1E3D1370956F}.Release|Any CPU.Build.0 = Release|Any CPU
		{8D76B38B-9BE6-41B3-8FE5-1E3D1370956F}.Release|Mixed Platforms.ActiveCfg = Release|Any CPU
		{8D76B38B-9BE6-41B3-8FE5-1E3D1370956F}.Release|Mixed Platforms.Build.0 = Release|Any CPU
		{8D76B38B-9BE6-41B3-8FE5-1E3D1370956F}.Release|Win32.ActiveCfg = Release|Any CPU
		{A23A5C74-2D76-4628-87D2-DB4C1EAD9932}.Debug|.NET.ActiveCfg = Debug|Any CPU
		{A23A5C74-2D76-4628-87D2-DB4C1EAD9932}.Debug|.NET.Build.0 = Debug|Any CPU
		{A23A5C74-2D76-4628-87D2-DB4C1EAD9932}.Debug|Any CPU.ActiveCfg = Debug|Any CPU
		{A23A5C74-2D76-4628-87D2-DB4C1EAD9932}.Debug|Any CPU.Build.0 = Debug|Any CPU
		{A23A5C74-2D76-4628-87D2-DB4C1EAD9932}.Debug|Mixed Platforms.ActiveCfg = Debug|Any CPU
		{A23A5C74-2D76-4628-87D2-DB4C1EAD9932}.Debug|Mixed Platforms.Build.0 = Debug|Any CPU
		{A23A5C74-2D76-4628-87D2-DB4C1EAD9932}.Debug|Win32.ActiveCfg = Debug|Any CPU
		{A23A5C74-2D76-4628-87D2-DB4C1EAD9932}.Default|.NET.ActiveCfg = Debug|Any CPU
		{A23A5C74-2D76-4628-87D2-DB4C1EAD9932}.Default|Any CPU.ActiveCfg = Debug|Any CPU
		{A23A5C74-2D76-4628-87D2-DB4C1EAD9932}.Default|Any CPU.Build.0 = Debug|Any CPU
		{A23A5C74-2D76-4628-87D2-DB4C1EAD9932}.Default|Mixed Platforms.ActiveCfg = Debug|Any CPU
		{A23A5C74-2D76-4628-87D2-DB4C1EAD9932}.Default|Mixed Platforms.Build.0 = Debug|Any CPU
		{A23A5C74-2D76-4628-87D2-DB4C1EAD9932}.Default|Win32.ActiveCfg = Debug|Any CPU
		{A23A5C74-2D76-4628-87D2-DB4C1EAD9932}.Release|.NET.ActiveCfg = Release|Any CPU
		{A23A5C74-2D76-4628-87D2-DB4C1EAD9932}.Release|.NET.Build.0 = Release|Any CPU
		{A23A5C74-2D76-4628-87D2-DB4C1EAD9932}.Release|Any CPU.ActiveCfg = Release|Any CPU
		{A23A5C74-2D76-4628-87D2-DB4C1EAD9932}.Release|Any CPU.Build.0 = Release|Any CPU
		{A23A5C74-2D76-4628-87D2-DB4C1EAD9932}.Release|Mixed Platforms.ActiveCfg = Release|Any CPU
		{A23A5C74-2D76-4628-87D2-DB4C1EAD9932}.Release|Mixed Platforms.Build.0 = Release|Any CPU
		{A23A5C74-2D76-4628-87D2-DB4C1EAD9932}.Release|Win32.ActiveCfg = Release|Any CPU
		{FD6A0E85-9D46-4C5C-B2D8-625F1B12ADEC}.Debug|.NET.ActiveCfg = Debug|Any CPU
		{FD6A0E85-9D46-4C5C-B2D8-625F1B12ADEC}.Debug|.NET.Build.0 = Debug|Any CPU
		{FD6A0E85-9D46-4C5C-B2D8-625F1B12ADEC}.Debug|Any CPU.ActiveCfg = Debug|Any CPU
		{FD6A0E85-9D46-4C5C-B2D8-625F1B12ADEC}.Debug|Any CPU.Build.0 = Debug|Any CPU
		{FD6A0E85-9D46-4C5C-B2D8-625F1B12ADEC}.Debug|Mixed Platforms.ActiveCfg = Debug|Any CPU
		{FD6A0E85-9D46-4C5C-B2D8-625F1B12ADEC}.Debug|Mixed Platforms.Build.0 = Debug|Any CPU
		{FD6A0E85-9D46-4C5C-B2D8-625F1B12ADEC}.Debug|Win32.ActiveCfg = Debug|Any CPU
		{FD6A0E85-9D46-4C5C-B2D8-625F1B12ADEC}.Default|.NET.ActiveCfg = Debug|Any CPU
		{FD6A0E85-9D46-4C5C-B2D8-625F1B12ADEC}.Default|Any CPU.ActiveCfg = Debug|Any CPU
		{FD6A0E85-9D46-4C5C-B2D8-625F1B12ADEC}.Default|Any CPU.Build.0 = Debug|Any CPU
		{FD6A0E85-9D46-4C5C-B2D8-625F1B12ADEC}.Default|Mixed Platforms.ActiveCfg = Debug|Any CPU
		{FD6A0E85-9D46-4C5C-B2D8-625F1B12ADEC}.Default|Mixed Platforms.Build.0 = Debug|Any CPU
		{FD6A0E85-9D46-4C5C-B2D8-625F1B12ADEC}.Default|Win32.ActiveCfg = Debug|Any CPU
		{FD6A0E85-9D46-4C5C-B2D8-625F1B12ADEC}.Release|.NET.ActiveCfg = Release|Any CPU
		{FD6A0E85-9D46-4C5C-B2D8-625F1B12ADEC}.Release|.NET.Build.0 = Release|Any CPU
		{FD6A0E85-9D46-4C5C-B2D8-625F1B12ADEC}.Release|Any CPU.ActiveCfg = Release|Any CPU
		{FD6A0E85-9D46-4C5C-B2D8-625F1B12ADEC}.Release|Any CPU.Build.0 = Release|Any CPU
		{FD6A0E85-9D46-4C5C-B2D8-625F1B12ADEC}.Release|Mixed Platforms.ActiveCfg = Release|Any CPU
		{FD6A0E85-9D46-4C5C-B2D8-625F1B12ADEC}.Release|Mixed Platforms.Build.0 = Release|Any CPU
		{FD6A0E85-9D46-4C5C-B2D8-625F1B12ADEC}.Release|Win32.ActiveCfg = Release|Any CPU
		{F4B429C1-BE1C-49F0-A358-D6B29A2E6346}.Debug|.NET.ActiveCfg = Debug|Win32
		{F4B429C1-BE1C-49F0-A358-D6B29A2E6346}.Debug|Any CPU.ActiveCfg = Debug|Win32
		{F4B429C1-BE1C-49F0-A358-D6B29A2E6346}.Debug|Mixed Platforms.ActiveCfg = Debug|Win32
		{F4B429C1-BE1C-49F0-A358-D6B29A2E6346}.Debug|Mixed Platforms.Build.0 = Debug|Win32
		{F4B429C1-BE1C-49F0-A358-D6B29A2E6346}.Debug|Win32.ActiveCfg = Debug|Win32
		{F4B429C1-BE1C-49F0-A358-D6B29A2E6346}.Debug|Win32.Build.0 = Debug|Win32
		{F4B429C1-BE1C-49F0-A358-D6B29A2E6346}.Default|.NET.ActiveCfg = Debug|Win32
		{F4B429C1-BE1C-49F0-A358-D6B29A2E6346}.Default|Any CPU.ActiveCfg = Debug|Win32
		{F4B429C1-BE1C-49F0-A358-D6B29A2E6346}.Default|Mixed Platforms.ActiveCfg = Debug|Win32
		{F4B429C1-BE1C-49F0-A358-D6B29A2E6346}.Default|Mixed Platforms.Build.0 = Debug|Win32
		{F4B429C1-BE1C-49F0-A358-D6B29A2E6346}.Default|Win32.ActiveCfg = Debug|Win32
		{F4B429C1-BE1C-49F0-A358-D6B29A2E6346}.Default|Win32.Build.0 = Debug|Win32
		{F4B429C1-BE1C-49F0-A358-D6B29A2E6346}.Release|.NET.ActiveCfg = Release|Win32
		{F4B429C1-BE1C-49F0-A358-D6B29A2E6346}.Release|.NET.Build.0 = Release|Win32
		{F4B429C1-BE1C-49F0-A358-D6B29A2E6346}.Release|Any CPU.ActiveCfg = Release|Win32
		{F4B429C1-BE1C-49F0-A358-D6B29A2E6346}.Release|Any CPU.Build.0 = Release|Win32
		{F4B429C1-BE1C-49F0-A358-D6B29A2E6346}.Release|Mixed Platforms.ActiveCfg = Release|Win32
		{F4B429C1-BE1C-49F0-A358-D6B29A2E6346}.Release|Mixed Platforms.Build.0 = Release|Win32
		{F4B429C1-BE1C-49F0-A358-D6B29A2E6346}.Release|Win32.ActiveCfg = Release|Win32
		{F4B429C1-BE1C-49F0-A358-D6B29A2E6346}.Release|Win32.Build.0 = Release|Win32
		{4F1B3B5C-4B54-4815-A2F7-0D19997BAF12}.Debug|.NET.ActiveCfg = Debug|Any CPU
		{4F1B3B5C-4B54-4815-A2F7-0D19997BAF12}.Debug|Any CPU.ActiveCfg = Debug|Any CPU
		{4F1B3B5C-4B54-4815-A2F7-0D19997BAF12}.Debug|Any CPU.Build.0 = Debug|Any CPU
		{4F1B3B5C-4B54-4815-A2F7-0D19997BAF12}.Debug|Mixed Platforms.ActiveCfg = Debug|Any CPU
		{4F1B3B5C-4B54-4815-A2F7-0D19997BAF12}.Debug|Mixed Platforms.Build.0 = Debug|Any CPU
		{4F1B3B5C-4B54-4815-A2F7-0D19997BAF12}.Debug|Win32.ActiveCfg = Debug|Any CPU
		{4F1B3B5C-4B54-4815-A2F7-0D19997BAF12}.Default|.NET.ActiveCfg = Debug|Any CPU
		{4F1B3B5C-4B54-4815-A2F7-0D19997BAF12}.Default|Any CPU.ActiveCfg = Debug|Any CPU
		{4F1B3B5C-4B54-4815-A2F7-0D19997BAF12}.Default|Any CPU.Build.0 = Debug|Any CPU
		{4F1B3B5C-4B54-4815-A2F7-0D19997BAF12}.Default|Mixed Platforms.ActiveCfg = Debug|Any CPU
		{4F1B3B5C-4B54-4815-A2F7-0D19997BAF12}.Default|Mixed Platforms.Build.0 = Debug|Any CPU
		{4F1B3B5C-4B54-4815-A2F7-0D19997BAF12}.Default|Win32.ActiveCfg = Debug|Any CPU
		{4F1B3B5C-4B54-4815-A2F7-0D19997BAF12}.Release|.NET.ActiveCfg = Debug|Any CPU
		{4F1B3B5C-4B54-4815-A2F7-0D19997BAF12}.Release|Any CPU.ActiveCfg = Debug|Any CPU
		{4F1B3B5C-4B54-4815-A2F7-0D19997BAF12}.Release|Any CPU.Build.0 = Debug|Any CPU
		{4F1B3B5C-4B54-4815-A2F7-0D19997BAF12}.Release|Mixed Platforms.ActiveCfg = Debug|Any CPU
		{4F1B3B5C-4B54-4815-A2F7-0D19997BAF12}.Release|Mixed Platforms.Build.0 = Debug|Any CPU
		{4F1B3B5C-4B54-4815-A2F7-0D19997BAF12}.Release|Win32.ActiveCfg = Debug|Any CPU
		{DA3841F5-1D5F-4B8A-ABD3-AF40EDCF6AAA}.Debug|.NET.ActiveCfg = Debug|Any CPU
		{DA3841F5-1D5F-4B8A-ABD3-AF40EDCF6AAA}.Debug|Any CPU.ActiveCfg = Debug|Any CPU
		{DA3841F5-1D5F-4B8A-ABD3-AF40EDCF6AAA}.Debug|Any CPU.Build.0 = Debug|Any CPU
		{DA3841F5-1D5F-4B8A-ABD3-AF40EDCF6AAA}.Debug|Mixed Platforms.ActiveCfg = Debug|Any CPU
		{DA3841F5-1D5F-4B8A-ABD3-AF40EDCF6AAA}.Debug|Mixed Platforms.Build.0 = Debug|Any CPU
		{DA3841F5-1D5F-4B8A-ABD3-AF40EDCF6AAA}.Debug|Win32.ActiveCfg = Debug|Any CPU
		{DA3841F5-1D5F-4B8A-ABD3-AF40EDCF6AAA}.Default|.NET.ActiveCfg = Debug|Any CPU
		{DA3841F5-1D5F-4B8A-ABD3-AF40EDCF6AAA}.Default|Any CPU.ActiveCfg = Debug|Any CPU
		{DA3841F5-1D5F-4B8A-ABD3-AF40EDCF6AAA}.Default|Any CPU.Build.0 = Debug|Any CPU
		{DA3841F5-1D5F-4B8A-ABD3-AF40EDCF6AAA}.Default|Mixed Platforms.ActiveCfg = Debug|Any CPU
		{DA3841F5-1D5F-4B8A-ABD3-AF40EDCF6AAA}.Default|Mixed Platforms.Build.0 = Debug|Any CPU
		{DA3841F5-1D5F-4B8A-ABD3-AF40EDCF6AAA}.Default|Win32.ActiveCfg = Debug|Any CPU
		{DA3841F5-1D5F-4B8A-ABD3-AF40EDCF6AAA}.Release|.NET.ActiveCfg = Debug|Any CPU
		{DA3841F5-1D5F-4B8A-ABD3-AF40EDCF6AAA}.Release|Any CPU.ActiveCfg = Debug|Any CPU
		{DA3841F5-1D5F-4B8A-ABD3-AF40EDCF6AAA}.Release|Any CPU.Build.0 = Debug|Any CPU
		{DA3841F5-1D5F-4B8A-ABD3-AF40EDCF6AAA}.Release|Mixed Platforms.ActiveCfg = Debug|Any CPU
		{DA3841F5-1D5F-4B8A-ABD3-AF40EDCF6AAA}.Release|Mixed Platforms.Build.0 = Debug|Any CPU
		{DA3841F5-1D5F-4B8A-ABD3-AF40EDCF6AAA}.Release|Win32.ActiveCfg = Debug|Any CPU
		{5B79C72B-1B01-4E60-91B7-1D3EC21768FF}.Debug|.NET.ActiveCfg = Debug|Any CPU
		{5B79C72B-1B01-4E60-91B7-1D3EC21768FF}.Debug|.NET.Build.0 = Debug|Any CPU
		{5B79C72B-1B01-4E60-91B7-1D3EC21768FF}.Debug|Any CPU.ActiveCfg = Debug|Any CPU
		{5B79C72B-1B01-4E60-91B7-1D3EC21768FF}.Debug|Any CPU.Build.0 = Debug|Any CPU
		{5B79C72B-1B01-4E60-91B7-1D3EC21768FF}.Debug|Mixed Platforms.ActiveCfg = Debug|Any CPU
		{5B79C72B-1B01-4E60-91B7-1D3EC21768FF}.Debug|Mixed Platforms.Build.0 = Debug|Any CPU
		{5B79C72B-1B01-4E60-91B7-1D3EC21768FF}.Debug|Win32.ActiveCfg = Debug|Any CPU
		{5B79C72B-1B01-4E60-91B7-1D3EC21768FF}.Default|.NET.ActiveCfg = Debug|Any CPU
		{5B79C72B-1B01-4E60-91B7-1D3EC21768FF}.Default|Any CPU.ActiveCfg = Debug|Any CPU
		{5B79C72B-1B01-4E60-91B7-1D3EC21768FF}.Default|Any CPU.Build.0 = Debug|Any CPU
		{5B79C72B-1B01-4E60-91B7-1D3EC21768FF}.Default|Mixed Platforms.ActiveCfg = Debug|Any CPU
		{5B79C72B-1B01-4E60-91B7-1D3EC21768FF}.Default|Mixed Platforms.Build.0 = Debug|Any CPU
		{5B79C72B-1B01-4E60-91B7-1D3EC21768FF}.Default|Win32.ActiveCfg = Debug|Any CPU
		{5B79C72B-1B01-4E60-91B7-1D3EC21768FF}.Release|.NET.ActiveCfg = Release|Any CPU
		{5B79C72B-1B01-4E60-91B7-1D3EC21768FF}.Release|.NET.Build.0 = Release|Any CPU
		{5B79C72B-1B01-4E60-91B7-1D3EC21768FF}.Release|Any CPU.ActiveCfg = Release|Any CPU
		{5B79C72B-1B01-4E60-91B7-1D3EC21768FF}.Release|Any CPU.Build.0 = Release|Any CPU
		{5B79C72B-1B01-4E60-91B7-1D3EC21768FF}.Release|Mixed Platforms.ActiveCfg = Release|Any CPU
		{5B79C72B-1B01-4E60-91B7-1D3EC21768FF}.Release|Mixed Platforms.Build.0 = Release|Any CPU
		{5B79C72B-1B01-4E60-91B7-1D3EC21768FF}.Release|Win32.ActiveCfg = Release|Any CPU
		{FDA1F3A5-6403-45A9-AFBA-DAFF20D9308D}.Debug|.NET.ActiveCfg = Debug|Any CPU
		{FDA1F3A5-6403-45A9-AFBA-DAFF20D9308D}.Debug|.NET.Build.0 = Debug|Any CPU
		{FDA1F3A5-6403-45A9-AFBA-DAFF20D9308D}.Debug|Any CPU.ActiveCfg = Debug|Any CPU
		{FDA1F3A5-6403-45A9-AFBA-DAFF20D9308D}.Debug|Any CPU.Build.0 = Debug|Any CPU
		{FDA1F3A5-6403-45A9-AFBA-DAFF20D9308D}.Debug|Mixed Platforms.ActiveCfg = Debug|Any CPU
		{FDA1F3A5-6403-45A9-AFBA-DAFF20D9308D}.Debug|Mixed Platforms.Build.0 = Debug|Any CPU
		{FDA1F3A5-6403-45A9-AFBA-DAFF20D9308D}.Debug|Win32.ActiveCfg = Debug|Any CPU
		{FDA1F3A5-6403-45A9-AFBA-DAFF20D9308D}.Default|.NET.ActiveCfg = Debug|Any CPU
		{FDA1F3A5-6403-45A9-AFBA-DAFF20D9308D}.Default|Any CPU.ActiveCfg = Debug|Any CPU
		{FDA1F3A5-6403-45A9-AFBA-DAFF20D9308D}.Default|Any CPU.Build.0 = Debug|Any CPU
		{FDA1F3A5-6403-45A9-AFBA-DAFF20D9308D}.Default|Mixed Platforms.ActiveCfg = Debug|Any CPU
		{FDA1F3A5-6403-45A9-AFBA-DAFF20D9308D}.Default|Mixed Platforms.Build.0 = Debug|Any CPU
		{FDA1F3A5-6403-45A9-AFBA-DAFF20D9308D}.Default|Win32.ActiveCfg = Debug|Any CPU
		{FDA1F3A5-6403-45A9-AFBA-DAFF20D9308D}.Release|.NET.ActiveCfg = Release|Any CPU
		{FDA1F3A5-6403-45A9-AFBA-DAFF20D9308D}.Release|.NET.Build.0 = Release|Any CPU
		{FDA1F3A5-6403-45A9-AFBA-DAFF20D9308D}.Release|Any CPU.ActiveCfg = Release|Any CPU
		{FDA1F3A5-6403-45A9-AFBA-DAFF20D9308D}.Release|Any CPU.Build.0 = Release|Any CPU
		{FDA1F3A5-6403-45A9-AFBA-DAFF20D9308D}.Release|Mixed Platforms.ActiveCfg = Release|Any CPU
		{FDA1F3A5-6403-45A9-AFBA-DAFF20D9308D}.Release|Mixed Platforms.Build.0 = Release|Any CPU
		{FDA1F3A5-6403-45A9-AFBA-DAFF20D9308D}.Release|Win32.ActiveCfg = Release|Any CPU
		{D7E0828E-858A-446B-B466-E86DEA61B5F8}.Debug|.NET.ActiveCfg = Debug
		{D7E0828E-858A-446B-B466-E86DEA61B5F8}.Debug|Any CPU.ActiveCfg = Debug
		{D7E0828E-858A-446B-B466-E86DEA61B5F8}.Debug|Mixed Platforms.ActiveCfg = Debug
		{D7E0828E-858A-446B-B466-E86DEA61B5F8}.Debug|Win32.ActiveCfg = Debug
		{D7E0828E-858A-446B-B466-E86DEA61B5F8}.Default|.NET.ActiveCfg = Debug
		{D7E0828E-858A-446B-B466-E86DEA61B5F8}.Default|.NET.Build.0 = Debug
		{D7E0828E-858A-446B-B466-E86DEA61B5F8}.Default|Any CPU.ActiveCfg = Debug
		{D7E0828E-858A-446B-B466-E86DEA61B5F8}.Default|Any CPU.Build.0 = Debug
		{D7E0828E-858A-446B-B466-E86DEA61B5F8}.Default|Mixed Platforms.ActiveCfg = Debug
		{D7E0828E-858A-446B-B466-E86DEA61B5F8}.Default|Mixed Platforms.Build.0 = Debug
		{D7E0828E-858A-446B-B466-E86DEA61B5F8}.Default|Win32.ActiveCfg = Debug
		{D7E0828E-858A-446B-B466-E86DEA61B5F8}.Default|Win32.Build.0 = Debug
		{D7E0828E-858A-446B-B466-E86DEA61B5F8}.Release|.NET.ActiveCfg = Release
		{D7E0828E-858A-446B-B466-E86DEA61B5F8}.Release|.NET.Build.0 = Release
		{D7E0828E-858A-446B-B466-E86DEA61B5F8}.Release|Any CPU.ActiveCfg = Release
		{D7E0828E-858A-446B-B466-E86DEA61B5F8}.Release|Mixed Platforms.ActiveCfg = Release
		{D7E0828E-858A-446B-B466-E86DEA61B5F8}.Release|Win32.ActiveCfg = Release
		{F7BA1923-B790-4FDA-A708-7430B7438264}.Debug|.NET.ActiveCfg = Debug|Any CPU
		{F7BA1923-B790-4FDA-A708-7430B7438264}.Debug|.NET.Build.0 = Debug|Any CPU
		{F7BA1923-B790-4FDA-A708-7430B7438264}.Debug|Any CPU.ActiveCfg = Debug|Any CPU
		{F7BA1923-B790-4FDA-A708-7430B7438264}.Debug|Any CPU.Build.0 = Debug|Any CPU
		{F7BA1923-B790-4FDA-A708-7430B7438264}.Debug|Mixed Platforms.ActiveCfg = Debug|Any CPU
		{F7BA1923-B790-4FDA-A708-7430B7438264}.Debug|Mixed Platforms.Build.0 = Debug|Any CPU
		{F7BA1923-B790-4FDA-A708-7430B7438264}.Debug|Win32.ActiveCfg = Debug|Any CPU
		{F7BA1923-B790-4FDA-A708-7430B7438264}.Default|.NET.ActiveCfg = Debug|Any CPU
		{F7BA1923-B790-4FDA-A708-7430B7438264}.Default|Any CPU.ActiveCfg = Debug|Any CPU
		{F7BA1923-B790-4FDA-A708-7430B7438264}.Default|Any CPU.Build.0 = Debug|Any CPU
		{F7BA1923-B790-4FDA-A708-7430B7438264}.Default|Mixed Platforms.ActiveCfg = Debug|Any CPU
		{F7BA1923-B790-4FDA-A708-7430B7438264}.Default|Mixed Platforms.Build.0 = Debug|Any CPU
		{F7BA1923-B790-4FDA-A708-7430B7438264}.Default|Win32.ActiveCfg = Debug|Any CPU
		{F7BA1923-B790-4FDA-A708-7430B7438264}.Release|.NET.ActiveCfg = Release|Any CPU
		{F7BA1923-B790-4FDA-A708-7430B7438264}.Release|.NET.Build.0 = Release|Any CPU
		{F7BA1923-B790-4FDA-A708-7430B7438264}.Release|Any CPU.ActiveCfg = Release|Any CPU
		{F7BA1923-B790-4FDA-A708-7430B7438264}.Release|Any CPU.Build.0 = Release|Any CPU
		{F7BA1923-B790-4FDA-A708-7430B7438264}.Release|Mixed Platforms.ActiveCfg = Release|Any CPU
		{F7BA1923-B790-4FDA-A708-7430B7438264}.Release|Mixed Platforms.Build.0 = Release|Any CPU
		{F7BA1923-B790-4FDA-A708-7430B7438264}.Release|Win32.ActiveCfg = Release|Any CPU
		{A4C30C34-5B24-4CDD-8EDC-D57079ABF4D2}.Debug|.NET.ActiveCfg = Debug
		{A4C30C34-5B24-4CDD-8EDC-D57079ABF4D2}.Debug|Any CPU.ActiveCfg = Debug
		{A4C30C34-5B24-4CDD-8EDC-D57079ABF4D2}.Debug|Mixed Platforms.ActiveCfg = Debug
		{A4C30C34-5B24-4CDD-8EDC-D57079ABF4D2}.Debug|Win32.ActiveCfg = Debug
		{A4C30C34-5B24-4CDD-8EDC-D57079ABF4D2}.Default|.NET.ActiveCfg = Debug
		{A4C30C34-5B24-4CDD-8EDC-D57079ABF4D2}.Default|.NET.Build.0 = Debug
		{A4C30C34-5B24-4CDD-8EDC-D57079ABF4D2}.Default|Any CPU.ActiveCfg = Debug
		{A4C30C34-5B24-4CDD-8EDC-D57079ABF4D2}.Default|Any CPU.Build.0 = Debug
		{A4C30C34-5B24-4CDD-8EDC-D57079ABF4D2}.Default|Mixed Platforms.ActiveCfg = Debug
		{A4C30C34-5B24-4CDD-8EDC-D57079ABF4D2}.Default|Mixed Platforms.Build.0 = Debug
		{A4C30C34-5B24-4CDD-8EDC-D57079ABF4D2}.Default|Win32.ActiveCfg = Debug
		{A4C30C34-5B24-4CDD-8EDC-D57079ABF4D2}.Default|Win32.Build.0 = Debug
		{A4C30C34-5B24-4CDD-8EDC-D57079ABF4D2}.Release|.NET.ActiveCfg = Release
		{A4C30C34-5B24-4CDD-8EDC-D57079ABF4D2}.Release|.NET.Build.0 = Release
		{A4C30C34-5B24-4CDD-8EDC-D57079ABF4D2}.Release|Any CPU.ActiveCfg = Release
		{A4C30C34-5B24-4CDD-8EDC-D57079ABF4D2}.Release|Mixed Platforms.ActiveCfg = Release
		{A4C30C34-5B24-4CDD-8EDC-D57079ABF4D2}.Release|Win32.ActiveCfg = Release
		{9A4BC4D5-3E56-4E31-8CD9-CE1352F3F165}.Debug|.NET.ActiveCfg = Debug|Any CPU
		{9A4BC4D5-3E56-4E31-8CD9-CE1352F3F165}.Debug|.NET.Build.0 = Debug|Any CPU
		{9A4BC4D5-3E56-4E31-8CD9-CE1352F3F165}.Debug|Any CPU.ActiveCfg = Debug|Any CPU
		{9A4BC4D5-3E56-4E31-8CD9-CE1352F3F165}.Debug|Any CPU.Build.0 = Debug|Any CPU
		{9A4BC4D5-3E56-4E31-8CD9-CE1352F3F165}.Debug|Mixed Platforms.ActiveCfg = Debug|Any CPU
		{9A4BC4D5-3E56-4E31-8CD9-CE1352F3F165}.Debug|Mixed Platforms.Build.0 = Debug|Any CPU
		{9A4BC4D5-3E56-4E31-8CD9-CE1352F3F165}.Debug|Win32.ActiveCfg = Debug|Any CPU
		{9A4BC4D5-3E56-4E31-8CD9-CE1352F3F165}.Default|.NET.ActiveCfg = Debug|Any CPU
		{9A4BC4D5-3E56-4E31-8CD9-CE1352F3F165}.Default|Any CPU.ActiveCfg = Debug|Any CPU
		{9A4BC4D5-3E56-4E31-8CD9-CE1352F3F165}.Default|Any CPU.Build.0 = Debug|Any CPU
		{9A4BC4D5-3E56-4E31-8CD9-CE1352F3F165}.Default|Mixed Platforms.ActiveCfg = Debug|Any CPU
		{9A4BC4D5-3E56-4E31-8CD9-CE1352F3F165}.Default|Mixed Platforms.Build.0 = Debug|Any CPU
		{9A4BC4D5-3E56-4E31-8CD9-CE1352F3F165}.Default|Win32.ActiveCfg = Debug|Any CPU
		{9A4BC4D5-3E56-4E31-8CD9-CE1352F3F165}.Release|.NET.ActiveCfg = Release|Any CPU
		{9A4BC4D5-3E56-4E31-8CD9-CE1352F3F165}.Release|.NET.Build.0 = Release|Any CPU
		{9A4BC4D5-3E56-4E31-8CD9-CE1352F3F165}.Release|Any CPU.ActiveCfg = Release|Any CPU
		{9A4BC4D5-3E56-4E31-8CD9-CE1352F3F165}.Release|Any CPU.Build.0 = Release|Any CPU
		{9A4BC4D5-3E56-4E31-8CD9-CE1352F3F165}.Release|Mixed Platforms.ActiveCfg = Release|Any CPU
		{9A4BC4D5-3E56-4E31-8CD9-CE1352F3F165}.Release|Mixed Platforms.Build.0 = Release|Any CPU
		{9A4BC4D5-3E56-4E31-8CD9-CE1352F3F165}.Release|Win32.ActiveCfg = Release|Any CPU
		{BA03410D-349E-4225-81BB-385B9ED68B02}.Debug|.NET.ActiveCfg = Debug|Any CPU
		{BA03410D-349E-4225-81BB-385B9ED68B02}.Debug|.NET.Build.0 = Debug|Any CPU
		{BA03410D-349E-4225-81BB-385B9ED68B02}.Debug|Any CPU.ActiveCfg = Debug|Any CPU
		{BA03410D-349E-4225-81BB-385B9ED68B02}.Debug|Any CPU.Build.0 = Debug|Any CPU
		{BA03410D-349E-4225-81BB-385B9ED68B02}.Debug|Mixed Platforms.ActiveCfg = Debug|Any CPU
		{BA03410D-349E-4225-81BB-385B9ED68B02}.Debug|Mixed Platforms.Build.0 = Debug|Any CPU
		{BA03410D-349E-4225-81BB-385B9ED68B02}.Debug|Win32.ActiveCfg = Debug|Any CPU
		{BA03410D-349E-4225-81BB-385B9ED68B02}.Default|.NET.ActiveCfg = Debug|Any CPU
		{BA03410D-349E-4225-81BB-385B9ED68B02}.Default|Any CPU.ActiveCfg = Debug|Any CPU
		{BA03410D-349E-4225-81BB-385B9ED68B02}.Default|Any CPU.Build.0 = Debug|Any CPU
		{BA03410D-349E-4225-81BB-385B9ED68B02}.Default|Mixed Platforms.ActiveCfg = Debug|Any CPU
		{BA03410D-349E-4225-81BB-385B9ED68B02}.Default|Mixed Platforms.Build.0 = Debug|Any CPU
		{BA03410D-349E-4225-81BB-385B9ED68B02}.Default|Win32.ActiveCfg = Debug|Any CPU
		{BA03410D-349E-4225-81BB-385B9ED68B02}.Release|.NET.ActiveCfg = Release|Any CPU
		{BA03410D-349E-4225-81BB-385B9ED68B02}.Release|Any CPU.ActiveCfg = Release|Any CPU
		{BA03410D-349E-4225-81BB-385B9ED68B02}.Release|Any CPU.Build.0 = Release|Any CPU
		{BA03410D-349E-4225-81BB-385B9ED68B02}.Release|Mixed Platforms.ActiveCfg = Release|Any CPU
		{BA03410D-349E-4225-81BB-385B9ED68B02}.Release|Mixed Platforms.Build.0 = Release|Any CPU
		{BA03410D-349E-4225-81BB-385B9ED68B02}.Release|Win32.ActiveCfg = Release|Any CPU
		{7F77B3FA-23A3-461A-8950-8D23831D67EC}.Debug|.NET.ActiveCfg = Debug|Any CPU
		{7F77B3FA-23A3-461A-8950-8D23831D67EC}.Debug|.NET.Build.0 = Debug|Any CPU
		{7F77B3FA-23A3-461A-8950-8D23831D67EC}.Debug|Any CPU.ActiveCfg = Debug|Any CPU
		{7F77B3FA-23A3-461A-8950-8D23831D67EC}.Debug|Any CPU.Build.0 = Debug|Any CPU
		{7F77B3FA-23A3-461A-8950-8D23831D67EC}.Debug|Mixed Platforms.ActiveCfg = Debug|Any CPU
		{7F77B3FA-23A3-461A-8950-8D23831D67EC}.Debug|Mixed Platforms.Build.0 = Debug|Any CPU
		{7F77B3FA-23A3-461A-8950-8D23831D67EC}.Debug|Win32.ActiveCfg = Debug|Any CPU
		{7F77B3FA-23A3-461A-8950-8D23831D67EC}.Default|.NET.ActiveCfg = Debug|Any CPU
		{7F77B3FA-23A3-461A-8950-8D23831D67EC}.Default|Any CPU.ActiveCfg = Debug|Any CPU
		{7F77B3FA-23A3-461A-8950-8D23831D67EC}.Default|Any CPU.Build.0 = Debug|Any CPU
		{7F77B3FA-23A3-461A-8950-8D23831D67EC}.Default|Mixed Platforms.ActiveCfg = Debug|Any CPU
		{7F77B3FA-23A3-461A-8950-8D23831D67EC}.Default|Mixed Platforms.Build.0 = Debug|Any CPU
		{7F77B3FA-23A3-461A-8950-8D23831D67EC}.Default|Win32.ActiveCfg = Debug|Any CPU
		{7F77B3FA-23A3-461A-8950-8D23831D67EC}.Release|.NET.ActiveCfg = Release|Any CPU
		{7F77B3FA-23A3-461A-8950-8D23831D67EC}.Release|Any CPU.ActiveCfg = Release|Any CPU
		{7F77B3FA-23A3-461A-8950-8D23831D67EC}.Release|Any CPU.Build.0 = Release|Any CPU
		{7F77B3FA-23A3-461A-8950-8D23831D67EC}.Release|Mixed Platforms.ActiveCfg = Release|Any CPU
		{7F77B3FA-23A3-461A-8950-8D23831D67EC}.Release|Mixed Platforms.Build.0 = Release|Any CPU
		{7F77B3FA-23A3-461A-8950-8D23831D67EC}.Release|Win32.ActiveCfg = Release|Any CPU
		{38C606BA-7D53-4D91-929C-FBD56ECFC2D1}.Debug|.NET.ActiveCfg = Debug|Any CPU
		{38C606BA-7D53-4D91-929C-FBD56ECFC2D1}.Debug|Any CPU.ActiveCfg = Debug|Any CPU
		{38C606BA-7D53-4D91-929C-FBD56ECFC2D1}.Debug|Any CPU.Build.0 = Debug|Any CPU
		{38C606BA-7D53-4D91-929C-FBD56ECFC2D1}.Debug|Mixed Platforms.ActiveCfg = Debug|Any CPU
		{38C606BA-7D53-4D91-929C-FBD56ECFC2D1}.Debug|Mixed Platforms.Build.0 = Debug|Any CPU
		{38C606BA-7D53-4D91-929C-FBD56ECFC2D1}.Debug|Win32.ActiveCfg = Debug|Any CPU
		{38C606BA-7D53-4D91-929C-FBD56ECFC2D1}.Default|.NET.ActiveCfg = Debug|Any CPU
		{38C606BA-7D53-4D91-929C-FBD56ECFC2D1}.Default|Any CPU.ActiveCfg = Debug|Any CPU
		{38C606BA-7D53-4D91-929C-FBD56ECFC2D1}.Default|Any CPU.Build.0 = Debug|Any CPU
		{38C606BA-7D53-4D91-929C-FBD56ECFC2D1}.Default|Mixed Platforms.ActiveCfg = Debug|Any CPU
		{38C606BA-7D53-4D91-929C-FBD56ECFC2D1}.Default|Mixed Platforms.Build.0 = Debug|Any CPU
		{38C606BA-7D53-4D91-929C-FBD56ECFC2D1}.Default|Win32.ActiveCfg = Debug|Any CPU
		{38C606BA-7D53-4D91-929C-FBD56ECFC2D1}.Release|.NET.ActiveCfg = Release|Any CPU
		{38C606BA-7D53-4D91-929C-FBD56ECFC2D1}.Release|.NET.Build.0 = Release|Any CPU
		{38C606BA-7D53-4D91-929C-FBD56ECFC2D1}.Release|Any CPU.ActiveCfg = Release|Any CPU
		{38C606BA-7D53-4D91-929C-FBD56ECFC2D1}.Release|Any CPU.Build.0 = Release|Any CPU
		{38C606BA-7D53-4D91-929C-FBD56ECFC2D1}.Release|Mixed Platforms.ActiveCfg = Release|Any CPU
		{38C606BA-7D53-4D91-929C-FBD56ECFC2D1}.Release|Mixed Platforms.Build.0 = Release|Any CPU
		{38C606BA-7D53-4D91-929C-FBD56ECFC2D1}.Release|Win32.ActiveCfg = Release|Any CPU
		{93F4D570-A2E6-41C1-BB82-53134F897C1A}.Debug|.NET.ActiveCfg = Default|Any CPU
		{93F4D570-A2E6-41C1-BB82-53134F897C1A}.Debug|Any CPU.ActiveCfg = Default|Any CPU
		{93F4D570-A2E6-41C1-BB82-53134F897C1A}.Debug|Any CPU.Build.0 = Default|Any CPU
		{93F4D570-A2E6-41C1-BB82-53134F897C1A}.Debug|Any CPU.Deploy.0 = Default|Any CPU
		{93F4D570-A2E6-41C1-BB82-53134F897C1A}.Debug|Mixed Platforms.ActiveCfg = Default|Any CPU
		{93F4D570-A2E6-41C1-BB82-53134F897C1A}.Debug|Mixed Platforms.Build.0 = Default|Any CPU
		{93F4D570-A2E6-41C1-BB82-53134F897C1A}.Debug|Mixed Platforms.Deploy.0 = Default|Any CPU
		{93F4D570-A2E6-41C1-BB82-53134F897C1A}.Debug|Win32.ActiveCfg = Default|Any CPU
		{93F4D570-A2E6-41C1-BB82-53134F897C1A}.Default|.NET.ActiveCfg = Default|Any CPU
		{93F4D570-A2E6-41C1-BB82-53134F897C1A}.Default|Any CPU.ActiveCfg = Default|Any CPU
		{93F4D570-A2E6-41C1-BB82-53134F897C1A}.Default|Any CPU.Build.0 = Default|Any CPU
		{93F4D570-A2E6-41C1-BB82-53134F897C1A}.Default|Any CPU.Deploy.0 = Default|Any CPU
		{93F4D570-A2E6-41C1-BB82-53134F897C1A}.Default|Mixed Platforms.ActiveCfg = Default|Any CPU
		{93F4D570-A2E6-41C1-BB82-53134F897C1A}.Default|Mixed Platforms.Build.0 = Default|Any CPU
		{93F4D570-A2E6-41C1-BB82-53134F897C1A}.Default|Mixed Platforms.Deploy.0 = Default|Any CPU
		{93F4D570-A2E6-41C1-BB82-53134F897C1A}.Default|Win32.ActiveCfg = Default|Any CPU
		{93F4D570-A2E6-41C1-BB82-53134F897C1A}.Release|.NET.ActiveCfg = Default|Any CPU
		{93F4D570-A2E6-41C1-BB82-53134F897C1A}.Release|Any CPU.ActiveCfg = Default|Any CPU
		{93F4D570-A2E6-41C1-BB82-53134F897C1A}.Release|Any CPU.Build.0 = Default|Any CPU
		{93F4D570-A2E6-41C1-BB82-53134F897C1A}.Release|Any CPU.Deploy.0 = Default|Any CPU
		{93F4D570-A2E6-41C1-BB82-53134F897C1A}.Release|Mixed Platforms.ActiveCfg = Default|Any CPU
		{93F4D570-A2E6-41C1-BB82-53134F897C1A}.Release|Mixed Platforms.Build.0 = Default|Any CPU
		{93F4D570-A2E6-41C1-BB82-53134F897C1A}.Release|Mixed Platforms.Deploy.0 = Default|Any CPU
		{93F4D570-A2E6-41C1-BB82-53134F897C1A}.Release|Win32.ActiveCfg = Default|Any CPU
	EndGlobalSection
	GlobalSection(SolutionProperties) = preSolution
		HideSolutionNode = FALSE
	EndGlobalSection
	GlobalSection(NestedProjects) = preSolution
		{D59D5618-B937-46ED-AC6A-E94EB3C2CA6F} = {A6152E38-F30F-402C-A311-7FC87276A134}
		{8D76B38B-9BE6-41B3-8FE5-1E3D1370956F} = {A6152E38-F30F-402C-A311-7FC87276A134}
		{A23A5C74-2D76-4628-87D2-DB4C1EAD9932} = {A6152E38-F30F-402C-A311-7FC87276A134}
		{FD6A0E85-9D46-4C5C-B2D8-625F1B12ADEC} = {A6152E38-F30F-402C-A311-7FC87276A134}
		{4F1B3B5C-4B54-4815-A2F7-0D19997BAF12} = {A6152E38-F30F-402C-A311-7FC87276A134}
		{DA3841F5-1D5F-4B8A-ABD3-AF40EDCF6AAA} = {A6152E38-F30F-402C-A311-7FC87276A134}
		{5B79C72B-1B01-4E60-91B7-1D3EC21768FF} = {A6152E38-F30F-402C-A311-7FC87276A134}
		{BA03410D-349E-4225-81BB-385B9ED68B02} = {A6152E38-F30F-402C-A311-7FC87276A134}
		{7F77B3FA-23A3-461A-8950-8D23831D67EC} = {A6152E38-F30F-402C-A311-7FC87276A134}
		{38C606BA-7D53-4D91-929C-FBD56ECFC2D1} = {A6152E38-F30F-402C-A311-7FC87276A134}
		{A20896F2-BE4B-4B0A-AEA8-52547C8B000A} = {A6152E38-F30F-402C-A311-7FC87276A134}
		{CBDF2741-B771-4399-8996-77D08C3E8267} = {FA898198-2E8D-4145-A46A-0BD4C550898A}
		{BE4776E3-69B4-49C8-AB70-AC1F87499C8A} = {FA898198-2E8D-4145-A46A-0BD4C550898A}
		{F4B429C1-BE1C-49F0-A358-D6B29A2E6346} = {FA898198-2E8D-4145-A46A-0BD4C550898A}
		{1B37F3C0-D1E4-4063-82AE-CC5FEF2E0553} = {FA898198-2E8D-4145-A46A-0BD4C550898A}
		{93F4D570-A2E6-41C1-BB82-53134F897C1A} = {FA898198-2E8D-4145-A46A-0BD4C550898A}
		{D7E0828E-858A-446B-B466-E86DEA61B5F8} = {2B62417A-DC9E-4B9F-8C42-31F4E511E19C}
		{FDA1F3A5-6403-45A9-AFBA-DAFF20D9308D} = {2B62417A-DC9E-4B9F-8C42-31F4E511E19C}
		{A4C30C34-5B24-4CDD-8EDC-D57079ABF4D2} = {3967322F-1A7F-4A23-B880-192209BD3C50}
		{9A4BC4D5-3E56-4E31-8CD9-CE1352F3F165} = {3967322F-1A7F-4A23-B880-192209BD3C50}
		{F7BA1923-B790-4FDA-A708-7430B7438264} = {3967322F-1A7F-4A23-B880-192209BD3C50}
	EndGlobalSection
	GlobalSection(TextTemplating) = postSolution
		TextTemplating = 1
	EndGlobalSection
EndGlobal
